<?xml version="1.0" encoding="utf-8"?>
<Project ToolsVersion="4.0" xmlns="http://schemas.microsoft.com/developer/msbuild/2003">
  <ItemGroup>
    <Filter Include="sources">
      <UniqueIdentifier>{f3313369-0e55-4a87-a4ac-8871168b94f3}</UniqueIdentifier>
    </Filter>
    <Filter Include="headers">
      <UniqueIdentifier>{32f7017e-f62e-4e30-9504-a66013e3655c}</UniqueIdentifier>
    </Filter>
  </ItemGroup>
  <ItemGroup>
    <ClInclude Include="constants.hpp">
      <Filter>headers</Filter>
    </ClInclude>
    <ClInclude Include="database.hpp">
      <Filter>headers</Filter>
    </ClInclude>
    <ClInclude Include="metadata.hpp">
      <Filter>headers</Filter>
    </ClInclude>
    <ClInclude Include="relationships.hpp">
      <Filter>headers</Filter>
    </ClInclude>
    <ClInclude Include="rows.hpp">
      <Filter>headers</Filter>
    </ClInclude>
    <ClInclude Include="signatures.hpp">
      <Filter>headers</Filter>
    </ClInclude>
    <ClInclude Include="tokens.hpp">
      <Filter>headers</Filter>
    </ClInclude>
    <ClInclude Include="type_resolver.hpp">
      <Filter>headers</Filter>
    </ClInclude>
    <ClInclude Include="utility.hpp">
      <Filter>headers</Filter>
    </ClInclude>
    <ClInclude Include="precompiled_headers.hpp">
      <Filter>headers</Filter>
    </ClInclude>
  </ItemGroup>
  <ItemGroup>
    <ClCompile Include="constants.cpp">
      <Filter>sources</Filter>
    </ClCompile>
    <ClCompile Include="database.cpp">
      <Filter>sources</Filter>
    </ClCompile>
    <ClCompile Include="relationships.cpp">
      <Filter>sources</Filter>
    </ClCompile>
    <ClCompile Include="rows.cpp">
      <Filter>sources</Filter>
    </ClCompile>
    <ClCompile Include="signatures.cpp">
      <Filter>sources</Filter>
    </ClCompile>
    <ClCompile Include="precompiled_headers.cpp">
      <Filter>sources</Filter>
    </ClCompile>
    <ClCompile Include="utility.cpp">
      <Filter>sources</Filter>
    </ClCompile>
  </ItemGroup>
</Project>