
Microsoft Visual Studio Solution File, Format Version 12.00
# Visual Studio 2012
Project("{8BC9CEB8-8B4A-11D0-8D11-00A0C91BC942}") = "cxxreflect", "cxxreflect\cxxreflect.vcxproj", "{1323C7D0-55D3-2A4A-EC85-6693FC4678FE}"
EndProject
Project("{2150E333-8FDC-42A3-9474-1A3956D46DE8}") = "tests", "tests", "{5E3E1EA3-FEB7-48EA-91DE-3D818962CBFB}"
EndProject
Project("{8BC9CEB8-8B4A-11D0-8D11-00A0C91BC942}") = "unit_tests", "test\unit_tests\unit_tests.vcxproj", "{144E04D0-2837-F8F7-7490-67A5B37E66BE}"
EndProject
Project("{8BC9CEB8-8B4A-11D0-8D11-00A0C91BC942}") = "metadata_writer_cxx", "test\metadata_writer_cxx\metadata_writer_cxx.vcxproj", "{AC48D420-43E1-4B79-A3CB-DDCE22ABC18C}"
EndProject
Project("{8BC9CEB8-8B4A-11D0-8D11-00A0C91BC942}") = "reflection_writer_cxx", "test\reflection_writer_cxx\reflection_writer_cxx.vcxproj", "{89198B6F-CCAC-482D-8E55-C742E4A43214}"
EndProject
Project("{8BC9CEB8-8B4A-11D0-8D11-00A0C91BC942}") = "test_assemblies", "test\test_assemblies\test_assemblies.vcxproj", "{9DC90974-58B8-4EC3-A9C5-96B10D0CD6A9}"
EndProject
Project("{8BC9CEB8-8B4A-11D0-8D11-00A0C91BC942}") = "reflection_comparer", "test\reflection_comparer\reflection_comparer.vcxproj", "{669F5E76-3507-452F-B90B-88F045EC3E8D}"
EndProject
Project("{8BC9CEB8-8B4A-11D0-8D11-00A0C91BC942}") = "unit_tests_winrt", "test\unit_tests_winrt\unit_tests_winrt.vcxproj", "{1811623B-766D-49ED-BDF0-2E9D7DBF924E}"
EndProject
Project("{2150E333-8FDC-42A3-9474-1A3956D46DE8}") = "cxxreflect", "cxxreflect", "{B7C7F5F3-F030-43FB-B927-96A2D0626B02}"
EndProject
Project("{8BC9CEB8-8B4A-11D0-8D11-00A0C91BC942}") = "cxxreflect_core", "cxxreflect\core\cxxreflect_core.vcxproj", "{53B02AFA-1600-49B3-BC8A-6949C77F74F4}"
EndProject
Project("{8BC9CEB8-8B4A-11D0-8D11-00A0C91BC942}") = "cxxreflect_reflection", "cxxreflect\reflection\cxxreflect_reflection.vcxproj", "{F615A647-5914-4701-9BE2-B15DBDE54501}"
EndProject
Project("{8BC9CEB8-8B4A-11D0-8D11-00A0C91BC942}") = "cxxreflect_windows_runtime", "cxxreflect\windows_runtime\cxxreflect_windows_runtime.vcxproj", "{FD75E829-FE31-4CEC-ACD3-294DAB75AE9F}"
EndProject
Project("{8BC9CEB8-8B4A-11D0-8D11-00A0C91BC942}") = "cxxreflect_metadata", "cxxreflect\metadata\cxxreflect_metadata.vcxproj", "{035DCFC2-3BAD-4B6A-ADBC-90647A9675EB}"
EndProject
Project("{2150E333-8FDC-42A3-9474-1A3956D46DE8}") = "utilities", "utilities", "{C561D1CC-A04F-41D6-86BE-5D05F0207C25}"
EndProject
Project("{8BC9CEB8-8B4A-11D0-8D11-00A0C91BC942}") = "embed_binary_in_cpp", "utility\embed_binary_in_cpp\embed_binary_in_cpp.vcxproj", "{D9E97E25-93C7-4CBB-9767-CDB6522B6EC8}"
EndProject
Project("{2150E333-8FDC-42A3-9474-1A3956D46DE8}") = "winrt_components", "winrt_components", "{13571306-578D-4693-898D-7C6880E3D46E}"
EndProject
Project("{8BC9CEB8-8B4A-11D0-8D11-00A0C91BC942}") = "TestComponents.Alpha", "test\winrt_components\TestComponents.Alpha\TestComponents.Alpha.vcxproj", "{C340A193-B0DC-45B2-8975-73081D1B6784}"
EndProject
Global
	GlobalSection(SolutionConfigurationPlatforms) = preSolution
		Debug(ZW)|ARM = Debug(ZW)|ARM
		Debug(ZW)|Win32 = Debug(ZW)|Win32
		Debug(ZW)|x64 = Debug(ZW)|x64
		Debug|ARM = Debug|ARM
		Debug|Win32 = Debug|Win32
		Debug|x64 = Debug|x64
		Release(ZW)|ARM = Release(ZW)|ARM
		Release(ZW)|Win32 = Release(ZW)|Win32
		Release(ZW)|x64 = Release(ZW)|x64
		Release|ARM = Release|ARM
		Release|Win32 = Release|Win32
		Release|x64 = Release|x64
	EndGlobalSection
	GlobalSection(ProjectConfigurationPlatforms) = postSolution
		{035DCFC2-3BAD-4B6A-ADBC-90647A9675EB}.Debug(ZW)|ARM.ActiveCfg = Debug|Win32
		{035DCFC2-3BAD-4B6A-ADBC-90647A9675EB}.Debug(ZW)|Win32.ActiveCfg = Debug(ZW)|Win32
		{035DCFC2-3BAD-4B6A-ADBC-90647A9675EB}.Debug(ZW)|Win32.Build.0 = Debug(ZW)|Win32
		{035DCFC2-3BAD-4B6A-ADBC-90647A9675EB}.Debug(ZW)|x64.ActiveCfg = Debug(ZW)|x64
		{035DCFC2-3BAD-4B6A-ADBC-90647A9675EB}.Debug(ZW)|x64.Build.0 = Debug(ZW)|x64
		{035DCFC2-3BAD-4B6A-ADBC-90647A9675EB}.Debug|ARM.ActiveCfg = Debug|Win32
		{035DCFC2-3BAD-4B6A-ADBC-90647A9675EB}.Debug|Win32.ActiveCfg = Debug|Win32
		{035DCFC2-3BAD-4B6A-ADBC-90647A9675EB}.Debug|Win32.Build.0 = Debug|Win32
		{035DCFC2-3BAD-4B6A-ADBC-90647A9675EB}.Debug|x64.ActiveCfg = Debug|x64
		{035DCFC2-3BAD-4B6A-ADBC-90647A9675EB}.Debug|x64.Build.0 = Debug|x64
		{035DCFC2-3BAD-4B6A-ADBC-90647A9675EB}.Release(ZW)|ARM.ActiveCfg = Release|Win32
		{035DCFC2-3BAD-4B6A-ADBC-90647A9675EB}.Release(ZW)|Win32.ActiveCfg = Release(ZW)|Win32
		{035DCFC2-3BAD-4B6A-ADBC-90647A9675EB}.Release(ZW)|Win32.Build.0 = Release(ZW)|Win32
		{035DCFC2-3BAD-4B6A-ADBC-90647A9675EB}.Release(ZW)|x64.ActiveCfg = Release(ZW)|x64
		{035DCFC2-3BAD-4B6A-ADBC-90647A9675EB}.Release(ZW)|x64.Build.0 = Release(ZW)|x64
		{035DCFC2-3BAD-4B6A-ADBC-90647A9675EB}.Release|ARM.ActiveCfg = Release|Win32
		{035DCFC2-3BAD-4B6A-ADBC-90647A9675EB}.Release|Win32.ActiveCfg = Release|Win32
		{035DCFC2-3BAD-4B6A-ADBC-90647A9675EB}.Release|Win32.Build.0 = Release|Win32
		{035DCFC2-3BAD-4B6A-ADBC-90647A9675EB}.Release|x64.ActiveCfg = Release|x64
		{035DCFC2-3BAD-4B6A-ADBC-90647A9675EB}.Release|x64.Build.0 = Release|x64
		{1323C7D0-55D3-2A4A-EC85-6693FC4678FE}.Debug(ZW)|ARM.ActiveCfg = Debug|Win32
		{1323C7D0-55D3-2A4A-EC85-6693FC4678FE}.Debug(ZW)|Win32.ActiveCfg = Debug(ZW)|Win32
		{1323C7D0-55D3-2A4A-EC85-6693FC4678FE}.Debug(ZW)|Win32.Build.0 = Debug(ZW)|Win32
		{1323C7D0-55D3-2A4A-EC85-6693FC4678FE}.Debug(ZW)|x64.ActiveCfg = Debug(ZW)|x64
		{1323C7D0-55D3-2A4A-EC85-6693FC4678FE}.Debug(ZW)|x64.Build.0 = Debug(ZW)|x64
		{1323C7D0-55D3-2A4A-EC85-6693FC4678FE}.Debug|ARM.ActiveCfg = Debug|Win32
		{1323C7D0-55D3-2A4A-EC85-6693FC4678FE}.Debug|Win32.ActiveCfg = Debug|Win32
		{1323C7D0-55D3-2A4A-EC85-6693FC4678FE}.Debug|Win32.Build.0 = Debug|Win32
		{1323C7D0-55D3-2A4A-EC85-6693FC4678FE}.Debug|x64.ActiveCfg = Debug|x64
		{1323C7D0-55D3-2A4A-EC85-6693FC4678FE}.Debug|x64.Build.0 = Debug|x64
		{1323C7D0-55D3-2A4A-EC85-6693FC4678FE}.Release(ZW)|ARM.ActiveCfg = Release|Win32
		{1323C7D0-55D3-2A4A-EC85-6693FC4678FE}.Release(ZW)|Win32.ActiveCfg = Release(ZW)|Win32
		{1323C7D0-55D3-2A4A-EC85-6693FC4678FE}.Release(ZW)|Win32.Build.0 = Release(ZW)|Win32
		{1323C7D0-55D3-2A4A-EC85-6693FC4678FE}.Release(ZW)|x64.ActiveCfg = Release(ZW)|x64
		{1323C7D0-55D3-2A4A-EC85-6693FC4678FE}.Release(ZW)|x64.Build.0 = Release(ZW)|x64
		{1323C7D0-55D3-2A4A-EC85-6693FC4678FE}.Release|ARM.ActiveCfg = Release|Win32
		{1323C7D0-55D3-2A4A-EC85-6693FC4678FE}.Release|Win32.ActiveCfg = Release|Win32
		{1323C7D0-55D3-2A4A-EC85-6693FC4678FE}.Release|Win32.Build.0 = Release|Win32
		{1323C7D0-55D3-2A4A-EC85-6693FC4678FE}.Release|x64.ActiveCfg = Release|x64
		{1323C7D0-55D3-2A4A-EC85-6693FC4678FE}.Release|x64.Build.0 = Release|x64
		{144E04D0-2837-F8F7-7490-67A5B37E66BE}.Debug(ZW)|ARM.ActiveCfg = Debug|Win32
		{144E04D0-2837-F8F7-7490-67A5B37E66BE}.Debug(ZW)|Win32.ActiveCfg = Debug|Win32
		{144E04D0-2837-F8F7-7490-67A5B37E66BE}.Debug(ZW)|x64.ActiveCfg = Debug|x64
		{144E04D0-2837-F8F7-7490-67A5B37E66BE}.Debug|ARM.ActiveCfg = Debug|Win32
		{144E04D0-2837-F8F7-7490-67A5B37E66BE}.Debug|Win32.ActiveCfg = Debug|Win32
		{144E04D0-2837-F8F7-7490-67A5B37E66BE}.Debug|Win32.Build.0 = Debug|Win32
		{144E04D0-2837-F8F7-7490-67A5B37E66BE}.Debug|x64.ActiveCfg = Debug|x64
		{144E04D0-2837-F8F7-7490-67A5B37E66BE}.Debug|x64.Build.0 = Debug|x64
		{144E04D0-2837-F8F7-7490-67A5B37E66BE}.Release(ZW)|ARM.ActiveCfg = Release|Win32
		{144E04D0-2837-F8F7-7490-67A5B37E66BE}.Release(ZW)|Win32.ActiveCfg = Release|Win32
		{144E04D0-2837-F8F7-7490-67A5B37E66BE}.Release(ZW)|x64.ActiveCfg = Release|x64
		{144E04D0-2837-F8F7-7490-67A5B37E66BE}.Release|ARM.ActiveCfg = Release|Win32
		{144E04D0-2837-F8F7-7490-67A5B37E66BE}.Release|Win32.ActiveCfg = Release|Win32
		{144E04D0-2837-F8F7-7490-67A5B37E66BE}.Release|Win32.Build.0 = Release|Win32
		{144E04D0-2837-F8F7-7490-67A5B37E66BE}.Release|x64.ActiveCfg = Release|x64
		{144E04D0-2837-F8F7-7490-67A5B37E66BE}.Release|x64.Build.0 = Release|x64
		{1811623B-766D-49ED-BDF0-2E9D7DBF924E}.Debug(ZW)|ARM.ActiveCfg = Debug(ZW)|Win32
		{1811623B-766D-49ED-BDF0-2E9D7DBF924E}.Debug(ZW)|Win32.ActiveCfg = Debug(ZW)|Win32
		{1811623B-766D-49ED-BDF0-2E9D7DBF924E}.Debug(ZW)|Win32.Build.0 = Debug(ZW)|Win32
		{1811623B-766D-49ED-BDF0-2E9D7DBF924E}.Debug(ZW)|Win32.Deploy.0 = Debug(ZW)|Win32
		{1811623B-766D-49ED-BDF0-2E9D7DBF924E}.Debug(ZW)|x64.ActiveCfg = Debug(ZW)|x64
		{1811623B-766D-49ED-BDF0-2E9D7DBF924E}.Debug(ZW)|x64.Build.0 = Debug(ZW)|x64
		{1811623B-766D-49ED-BDF0-2E9D7DBF924E}.Debug(ZW)|x64.Deploy.0 = Debug(ZW)|x64
		{1811623B-766D-49ED-BDF0-2E9D7DBF924E}.Debug|ARM.ActiveCfg = Debug(ZW)|Win32
		{1811623B-766D-49ED-BDF0-2E9D7DBF924E}.Debug|Win32.ActiveCfg = Debug(ZW)|Win32
		{1811623B-766D-49ED-BDF0-2E9D7DBF924E}.Debug|x64.ActiveCfg = Debug(ZW)|x64
		{1811623B-766D-49ED-BDF0-2E9D7DBF924E}.Release(ZW)|ARM.ActiveCfg = Release(ZW)|Win32
		{1811623B-766D-49ED-BDF0-2E9D7DBF924E}.Release(ZW)|Win32.ActiveCfg = Release(ZW)|Win32
		{1811623B-766D-49ED-BDF0-2E9D7DBF924E}.Release(ZW)|Win32.Build.0 = Release(ZW)|Win32
		{1811623B-766D-49ED-BDF0-2E9D7DBF924E}.Release(ZW)|Win32.Deploy.0 = Release(ZW)|Win32
		{1811623B-766D-49ED-BDF0-2E9D7DBF924E}.Release(ZW)|x64.ActiveCfg = Release(ZW)|x64
		{1811623B-766D-49ED-BDF0-2E9D7DBF924E}.Release(ZW)|x64.Build.0 = Release(ZW)|x64
		{1811623B-766D-49ED-BDF0-2E9D7DBF924E}.Release(ZW)|x64.Deploy.0 = Release(ZW)|x64
		{1811623B-766D-49ED-BDF0-2E9D7DBF924E}.Release|ARM.ActiveCfg = Release(ZW)|Win32
		{1811623B-766D-49ED-BDF0-2E9D7DBF924E}.Release|Win32.ActiveCfg = Release(ZW)|Win32
		{1811623B-766D-49ED-BDF0-2E9D7DBF924E}.Release|x64.ActiveCfg = Release(ZW)|x64
		{53B02AFA-1600-49B3-BC8A-6949C77F74F4}.Debug(ZW)|ARM.ActiveCfg = Debug|Win32
		{53B02AFA-1600-49B3-BC8A-6949C77F74F4}.Debug(ZW)|Win32.ActiveCfg = Debug(ZW)|Win32
		{53B02AFA-1600-49B3-BC8A-6949C77F74F4}.Debug(ZW)|Win32.Build.0 = Debug(ZW)|Win32
		{53B02AFA-1600-49B3-BC8A-6949C77F74F4}.Debug(ZW)|Win32.Deploy.0 = Debug(ZW)|Win32
		{53B02AFA-1600-49B3-BC8A-6949C77F74F4}.Debug(ZW)|x64.ActiveCfg = Debug(ZW)|x64
		{53B02AFA-1600-49B3-BC8A-6949C77F74F4}.Debug(ZW)|x64.Build.0 = Debug(ZW)|x64
		{53B02AFA-1600-49B3-BC8A-6949C77F74F4}.Debug|ARM.ActiveCfg = Debug|Win32
		{53B02AFA-1600-49B3-BC8A-6949C77F74F4}.Debug|Win32.ActiveCfg = Debug|Win32
		{53B02AFA-1600-49B3-BC8A-6949C77F74F4}.Debug|Win32.Build.0 = Debug|Win32
		{53B02AFA-1600-49B3-BC8A-6949C77F74F4}.Debug|x64.ActiveCfg = Debug|x64
		{53B02AFA-1600-49B3-BC8A-6949C77F74F4}.Debug|x64.Build.0 = Debug|x64
		{53B02AFA-1600-49B3-BC8A-6949C77F74F4}.Release(ZW)|ARM.ActiveCfg = Release|Win32
		{53B02AFA-1600-49B3-BC8A-6949C77F74F4}.Release(ZW)|Win32.ActiveCfg = Release(ZW)|Win32
		{53B02AFA-1600-49B3-BC8A-6949C77F74F4}.Release(ZW)|Win32.Build.0 = Release(ZW)|Win32
		{53B02AFA-1600-49B3-BC8A-6949C77F74F4}.Release(ZW)|x64.ActiveCfg = Release(ZW)|x64
		{53B02AFA-1600-49B3-BC8A-6949C77F74F4}.Release(ZW)|x64.Build.0 = Release(ZW)|x64
		{53B02AFA-1600-49B3-BC8A-6949C77F74F4}.Release|ARM.ActiveCfg = Release|Win32
		{53B02AFA-1600-49B3-BC8A-6949C77F74F4}.Release|Win32.ActiveCfg = Release|Win32
		{53B02AFA-1600-49B3-BC8A-6949C77F74F4}.Release|Win32.Build.0 = Release|Win32
		{53B02AFA-1600-49B3-BC8A-6949C77F74F4}.Release|x64.ActiveCfg = Release|x64
		{53B02AFA-1600-49B3-BC8A-6949C77F74F4}.Release|x64.Build.0 = Release|x64
		{669F5E76-3507-452F-B90B-88F045EC3E8D}.Debug(ZW)|ARM.ActiveCfg = Debug|Win32
		{669F5E76-3507-452F-B90B-88F045EC3E8D}.Debug(ZW)|Win32.ActiveCfg = Debug|Win32
		{669F5E76-3507-452F-B90B-88F045EC3E8D}.Debug(ZW)|x64.ActiveCfg = Debug|Win32
		{669F5E76-3507-452F-B90B-88F045EC3E8D}.Debug|ARM.ActiveCfg = Debug|Win32
		{669F5E76-3507-452F-B90B-88F045EC3E8D}.Debug|Win32.ActiveCfg = Debug|Win32
		{669F5E76-3507-452F-B90B-88F045EC3E8D}.Debug|Win32.Build.0 = Debug|Win32
		{669F5E76-3507-452F-B90B-88F045EC3E8D}.Debug|x64.ActiveCfg = Debug|x64
		{669F5E76-3507-452F-B90B-88F045EC3E8D}.Debug|x64.Build.0 = Debug|x64
		{669F5E76-3507-452F-B90B-88F045EC3E8D}.Release(ZW)|ARM.ActiveCfg = Release|Win32
		{669F5E76-3507-452F-B90B-88F045EC3E8D}.Release(ZW)|Win32.ActiveCfg = Release|Win32
		{669F5E76-3507-452F-B90B-88F045EC3E8D}.Release(ZW)|x64.ActiveCfg = Release|Win32
		{669F5E76-3507-452F-B90B-88F045EC3E8D}.Release|ARM.ActiveCfg = Release|Win32
		{669F5E76-3507-452F-B90B-88F045EC3E8D}.Release|Win32.ActiveCfg = Release|Win32
		{669F5E76-3507-452F-B90B-88F045EC3E8D}.Release|Win32.Build.0 = Release|Win32
		{669F5E76-3507-452F-B90B-88F045EC3E8D}.Release|x64.ActiveCfg = Release|x64
		{669F5E76-3507-452F-B90B-88F045EC3E8D}.Release|x64.Build.0 = Release|x64
		{89198B6F-CCAC-482D-8E55-C742E4A43214}.Debug(ZW)|ARM.ActiveCfg = Debug|Win32
		{89198B6F-CCAC-482D-8E55-C742E4A43214}.Debug(ZW)|Win32.ActiveCfg = Debug|Win32
		{89198B6F-CCAC-482D-8E55-C742E4A43214}.Debug(ZW)|x64.ActiveCfg = Debug|x64
		{89198B6F-CCAC-482D-8E55-C742E4A43214}.Debug|ARM.ActiveCfg = Debug|Win32
		{89198B6F-CCAC-482D-8E55-C742E4A43214}.Debug|Win32.ActiveCfg = Debug|Win32
		{89198B6F-CCAC-482D-8E55-C742E4A43214}.Debug|Win32.Build.0 = Debug|Win32
		{89198B6F-CCAC-482D-8E55-C742E4A43214}.Debug|x64.ActiveCfg = Debug|x64
		{89198B6F-CCAC-482D-8E55-C742E4A43214}.Debug|x64.Build.0 = Debug|x64
		{89198B6F-CCAC-482D-8E55-C742E4A43214}.Release(ZW)|ARM.ActiveCfg = Release|Win32
		{89198B6F-CCAC-482D-8E55-C742E4A43214}.Release(ZW)|Win32.ActiveCfg = Release|Win32
		{89198B6F-CCAC-482D-8E55-C742E4A43214}.Release(ZW)|x64.ActiveCfg = Release|x64
		{89198B6F-CCAC-482D-8E55-C742E4A43214}.Release|ARM.ActiveCfg = Release|Win32
		{89198B6F-CCAC-482D-8E55-C742E4A43214}.Release|Win32.ActiveCfg = Release|Win32
		{89198B6F-CCAC-482D-8E55-C742E4A43214}.Release|Win32.Build.0 = Release|Win32
		{89198B6F-CCAC-482D-8E55-C742E4A43214}.Release|x64.ActiveCfg = Release|x64
		{89198B6F-CCAC-482D-8E55-C742E4A43214}.Release|x64.Build.0 = Release|x64
		{9DC90974-58B8-4EC3-A9C5-96B10D0CD6A9}.Debug(ZW)|ARM.ActiveCfg = Debug|Win32
		{9DC90974-58B8-4EC3-A9C5-96B10D0CD6A9}.Debug(ZW)|Win32.ActiveCfg = Debug|Win32
		{9DC90974-58B8-4EC3-A9C5-96B10D0CD6A9}.Debug(ZW)|x64.ActiveCfg = Debug|Win32
		{9DC90974-58B8-4EC3-A9C5-96B10D0CD6A9}.Debug|ARM.ActiveCfg = Debug|Win32
		{9DC90974-58B8-4EC3-A9C5-96B10D0CD6A9}.Debug|Win32.ActiveCfg = Debug|Win32
		{9DC90974-58B8-4EC3-A9C5-96B10D0CD6A9}.Debug|Win32.Build.0 = Debug|Win32
		{9DC90974-58B8-4EC3-A9C5-96B10D0CD6A9}.Debug|x64.ActiveCfg = Debug|x64
		{9DC90974-58B8-4EC3-A9C5-96B10D0CD6A9}.Debug|x64.Build.0 = Debug|x64
		{9DC90974-58B8-4EC3-A9C5-96B10D0CD6A9}.Release(ZW)|ARM.ActiveCfg = Release|Win32
		{9DC90974-58B8-4EC3-A9C5-96B10D0CD6A9}.Release(ZW)|Win32.ActiveCfg = Release|Win32
		{9DC90974-58B8-4EC3-A9C5-96B10D0CD6A9}.Release(ZW)|x64.ActiveCfg = Release|Win32
		{9DC90974-58B8-4EC3-A9C5-96B10D0CD6A9}.Release|ARM.ActiveCfg = Release|Win32
		{9DC90974-58B8-4EC3-A9C5-96B10D0CD6A9}.Release|Win32.ActiveCfg = Release|Win32
		{9DC90974-58B8-4EC3-A9C5-96B10D0CD6A9}.Release|Win32.Build.0 = Release|Win32
		{9DC90974-58B8-4EC3-A9C5-96B10D0CD6A9}.Release|x64.ActiveCfg = Release|x64
		{9DC90974-58B8-4EC3-A9C5-96B10D0CD6A9}.Release|x64.Build.0 = Release|x64
		{AC48D420-43E1-4B79-A3CB-DDCE22ABC18C}.Debug(ZW)|ARM.ActiveCfg = Debug|Win32
		{AC48D420-43E1-4B79-A3CB-DDCE22ABC18C}.Debug(ZW)|Win32.ActiveCfg = Debug|Win32
		{AC48D420-43E1-4B79-A3CB-DDCE22ABC18C}.Debug(ZW)|x64.ActiveCfg = Debug|x64
		{AC48D420-43E1-4B79-A3CB-DDCE22ABC18C}.Debug|ARM.ActiveCfg = Debug|Win32
		{AC48D420-43E1-4B79-A3CB-DDCE22ABC18C}.Debug|Win32.ActiveCfg = Debug|Win32
		{AC48D420-43E1-4B79-A3CB-DDCE22ABC18C}.Debug|Win32.Build.0 = Debug|Win32
		{AC48D420-43E1-4B79-A3CB-DDCE22ABC18C}.Debug|x64.ActiveCfg = Debug|x64
		{AC48D420-43E1-4B79-A3CB-DDCE22ABC18C}.Debug|x64.Build.0 = Debug|x64
		{AC48D420-43E1-4B79-A3CB-DDCE22ABC18C}.Release(ZW)|ARM.ActiveCfg = Release|Win32
		{AC48D420-43E1-4B79-A3CB-DDCE22ABC18C}.Release(ZW)|Win32.ActiveCfg = Release|Win32
		{AC48D420-43E1-4B79-A3CB-DDCE22ABC18C}.Release(ZW)|x64.ActiveCfg = Release|x64
		{AC48D420-43E1-4B79-A3CB-DDCE22ABC18C}.Release|ARM.ActiveCfg = Release|Win32
		{AC48D420-43E1-4B79-A3CB-DDCE22ABC18C}.Release|Win32.ActiveCfg = Release|Win32
		{AC48D420-43E1-4B79-A3CB-DDCE22ABC18C}.Release|Win32.Build.0 = Release|Win32
		{AC48D420-43E1-4B79-A3CB-DDCE22ABC18C}.Release|x64.ActiveCfg = Release|x64
		{AC48D420-43E1-4B79-A3CB-DDCE22ABC18C}.Release|x64.Build.0 = Release|x64
		{C340A193-B0DC-45B2-8975-73081D1B6784}.Debug(ZW)|ARM.ActiveCfg = Debug(ZW)|Win32
		{C340A193-B0DC-45B2-8975-73081D1B6784}.Debug(ZW)|Win32.ActiveCfg = Debug(ZW)|Win32
		{C340A193-B0DC-45B2-8975-73081D1B6784}.Debug(ZW)|Win32.Build.0 = Debug(ZW)|Win32
		{C340A193-B0DC-45B2-8975-73081D1B6784}.Debug(ZW)|x64.ActiveCfg = Debug(ZW)|x64
		{C340A193-B0DC-45B2-8975-73081D1B6784}.Debug(ZW)|x64.Build.0 = Debug(ZW)|x64
		{C340A193-B0DC-45B2-8975-73081D1B6784}.Debug|ARM.ActiveCfg = Debug(ZW)|Win32
		{C340A193-B0DC-45B2-8975-73081D1B6784}.Debug|Win32.ActiveCfg = Debug(ZW)|Win32
		{C340A193-B0DC-45B2-8975-73081D1B6784}.Debug|x64.ActiveCfg = Debug(ZW)|x64
		{C340A193-B0DC-45B2-8975-73081D1B6784}.Release(ZW)|ARM.ActiveCfg = Release(ZW)|Win32
		{C340A193-B0DC-45B2-8975-73081D1B6784}.Release(ZW)|Win32.ActiveCfg = Release(ZW)|Win32
		{C340A193-B0DC-45B2-8975-73081D1B6784}.Release(ZW)|Win32.Build.0 = Release(ZW)|Win32
		{C340A193-B0DC-45B2-8975-73081D1B6784}.Release(ZW)|x64.ActiveCfg = Release(ZW)|x64
		{C340A193-B0DC-45B2-8975-73081D1B6784}.Release(ZW)|x64.Build.0 = Release(ZW)|x64
		{C340A193-B0DC-45B2-8975-73081D1B6784}.Release|ARM.ActiveCfg = Release(ZW)|Win32
		{C340A193-B0DC-45B2-8975-73081D1B6784}.Release|Win32.ActiveCfg = Release(ZW)|Win32
		{C340A193-B0DC-45B2-8975-73081D1B6784}.Release|x64.ActiveCfg = Release(ZW)|x64
		{D9E97E25-93C7-4CBB-9767-CDB6522B6EC8}.Debug(ZW)|ARM.ActiveCfg = Debug|Win32
		{D9E97E25-93C7-4CBB-9767-CDB6522B6EC8}.Debug(ZW)|Win32.ActiveCfg = Debug|Win32
		{D9E97E25-93C7-4CBB-9767-CDB6522B6EC8}.Debug(ZW)|Win32.Build.0 = Debug|Win32
		{D9E97E25-93C7-4CBB-9767-CDB6522B6EC8}.Debug(ZW)|x64.ActiveCfg = Debug|Win32
		{D9E97E25-93C7-4CBB-9767-CDB6522B6EC8}.Debug|ARM.ActiveCfg = Debug|Win32
		{D9E97E25-93C7-4CBB-9767-CDB6522B6EC8}.Debug|Win32.ActiveCfg = Debug|Win32
		{D9E97E25-93C7-4CBB-9767-CDB6522B6EC8}.Debug|Win32.Build.0 = Debug|Win32
		{D9E97E25-93C7-4CBB-9767-CDB6522B6EC8}.Debug|x64.ActiveCfg = Debug|x64
		{D9E97E25-93C7-4CBB-9767-CDB6522B6EC8}.Debug|x64.Build.0 = Debug|x64
		{D9E97E25-93C7-4CBB-9767-CDB6522B6EC8}.Release(ZW)|ARM.ActiveCfg = Release|Win32
		{D9E97E25-93C7-4CBB-9767-CDB6522B6EC8}.Release(ZW)|Win32.ActiveCfg = Release|Win32
		{D9E97E25-93C7-4CBB-9767-CDB6522B6EC8}.Release(ZW)|x64.ActiveCfg = Release|Win32
		{D9E97E25-93C7-4CBB-9767-CDB6522B6EC8}.Release|ARM.ActiveCfg = Release|Win32
		{D9E97E25-93C7-4CBB-9767-CDB6522B6EC8}.Release|Win32.ActiveCfg = Release|Win32
		{D9E97E25-93C7-4CBB-9767-CDB6522B6EC8}.Release|Win32.Build.0 = Release|Win32
		{D9E97E25-93C7-4CBB-9767-CDB6522B6EC8}.Release|x64.ActiveCfg = Release|x64
		{D9E97E25-93C7-4CBB-9767-CDB6522B6EC8}.Release|x64.Build.0 = Release|x64
		{F615A647-5914-4701-9BE2-B15DBDE54501}.Debug(ZW)|ARM.ActiveCfg = Debug|Win32
		{F615A647-5914-4701-9BE2-B15DBDE54501}.Debug(ZW)|Win32.ActiveCfg = Debug(ZW)|Win32
		{F615A647-5914-4701-9BE2-B15DBDE54501}.Debug(ZW)|Win32.Build.0 = Debug(ZW)|Win32
		{F615A647-5914-4701-9BE2-B15DBDE54501}.Debug(ZW)|x64.ActiveCfg = Debug(ZW)|x64
		{F615A647-5914-4701-9BE2-B15DBDE54501}.Debug(ZW)|x64.Build.0 = Debug(ZW)|x64
		{F615A647-5914-4701-9BE2-B15DBDE54501}.Debug|ARM.ActiveCfg = Debug|Win32
		{F615A647-5914-4701-9BE2-B15DBDE54501}.Debug|Win32.ActiveCfg = Debug|Win32
		{F615A647-5914-4701-9BE2-B15DBDE54501}.Debug|Win32.Build.0 = Debug|Win32
		{F615A647-5914-4701-9BE2-B15DBDE54501}.Debug|x64.ActiveCfg = Debug|x64
		{F615A647-5914-4701-9BE2-B15DBDE54501}.Debug|x64.Build.0 = Debug|x64
		{F615A647-5914-4701-9BE2-B15DBDE54501}.Release(ZW)|ARM.ActiveCfg = Release|Win32
		{F615A647-5914-4701-9BE2-B15DBDE54501}.Release(ZW)|Win32.ActiveCfg = Release(ZW)|Win32
		{F615A647-5914-4701-9BE2-B15DBDE54501}.Release(ZW)|Win32.Build.0 = Release(ZW)|Win32
		{F615A647-5914-4701-9BE2-B15DBDE54501}.Release(ZW)|x64.ActiveCfg = Release(ZW)|x64
		{F615A647-5914-4701-9BE2-B15DBDE54501}.Release(ZW)|x64.Build.0 = Release(ZW)|x64
		{F615A647-5914-4701-9BE2-B15DBDE54501}.Release|ARM.ActiveCfg = Release|Win32
		{F615A647-5914-4701-9BE2-B15DBDE54501}.Release|Win32.ActiveCfg = Release|Win32
		{F615A647-5914-4701-9BE2-B15DBDE54501}.Release|Win32.Build.0 = Release|Win32
		{F615A647-5914-4701-9BE2-B15DBDE54501}.Release|x64.ActiveCfg = Release|x64
		{F615A647-5914-4701-9BE2-B15DBDE54501}.Release|x64.Build.0 = Release|x64
		{FD75E829-FE31-4CEC-ACD3-294DAB75AE9F}.Debug(ZW)|ARM.ActiveCfg = Debug|Win32
		{FD75E829-FE31-4CEC-ACD3-294DAB75AE9F}.Debug(ZW)|Win32.ActiveCfg = Debug(ZW)|Win32
		{FD75E829-FE31-4CEC-ACD3-294DAB75AE9F}.Debug(ZW)|Win32.Build.0 = Debug(ZW)|Win32
		{FD75E829-FE31-4CEC-ACD3-294DAB75AE9F}.Debug(ZW)|x64.ActiveCfg = Debug(ZW)|x64
		{FD75E829-FE31-4CEC-ACD3-294DAB75AE9F}.Debug(ZW)|x64.Build.0 = Debug(ZW)|x64
		{FD75E829-FE31-4CEC-ACD3-294DAB75AE9F}.Debug|ARM.ActiveCfg = Debug|Win32
		{FD75E829-FE31-4CEC-ACD3-294DAB75AE9F}.Debug|Win32.ActiveCfg = Debug|Win32
		{FD75E829-FE31-4CEC-ACD3-294DAB75AE9F}.Debug|Win32.Build.0 = Debug|Win32
		{FD75E829-FE31-4CEC-ACD3-294DAB75AE9F}.Debug|x64.ActiveCfg = Debug|x64
		{FD75E829-FE31-4CEC-ACD3-294DAB75AE9F}.Debug|x64.Build.0 = Debug|x64
		{FD75E829-FE31-4CEC-ACD3-294DAB75AE9F}.Release(ZW)|ARM.ActiveCfg = Release|Win32
		{FD75E829-FE31-4CEC-ACD3-294DAB75AE9F}.Release(ZW)|Win32.ActiveCfg = Release(ZW)|Win32
		{FD75E829-FE31-4CEC-ACD3-294DAB75AE9F}.Release(ZW)|Win32.Build.0 = Release(ZW)|Win32
		{FD75E829-FE31-4CEC-ACD3-294DAB75AE9F}.Release(ZW)|x64.ActiveCfg = Release(ZW)|x64
		{FD75E829-FE31-4CEC-ACD3-294DAB75AE9F}.Release(ZW)|x64.Build.0 = Release(ZW)|x64
		{FD75E829-FE31-4CEC-ACD3-294DAB75AE9F}.Release|ARM.ActiveCfg = Release|Win32
		{FD75E829-FE31-4CEC-ACD3-294DAB75AE9F}.Release|Win32.ActiveCfg = Release|Win32
		{FD75E829-FE31-4CEC-ACD3-294DAB75AE9F}.Release|Win32.Build.0 = Release|Win32
		{FD75E829-FE31-4CEC-ACD3-294DAB75AE9F}.Release|x64.ActiveCfg = Release|x64
		{FD75E829-FE31-4CEC-ACD3-294DAB75AE9F}.Release|x64.Build.0 = Release|x64
	EndGlobalSection
	GlobalSection(SolutionProperties) = preSolution
		HideSolutionNode = FALSE
	EndGlobalSection
	GlobalSection(NestedProjects) = preSolution
		{035DCFC2-3BAD-4B6A-ADBC-90647A9675EB} = {B7C7F5F3-F030-43FB-B927-96A2D0626B02}
		{1323C7D0-55D3-2A4A-EC85-6693FC4678FE} = {B7C7F5F3-F030-43FB-B927-96A2D0626B02}
		{13571306-578D-4693-898D-7C6880E3D46E} = {5E3E1EA3-FEB7-48EA-91DE-3D818962CBFB}
		{144E04D0-2837-F8F7-7490-67A5B37E66BE} = {5E3E1EA3-FEB7-48EA-91DE-3D818962CBFB}
		{1811623B-766D-49ED-BDF0-2E9D7DBF924E} = {5E3E1EA3-FEB7-48EA-91DE-3D818962CBFB}
		{53B02AFA-1600-49B3-BC8A-6949C77F74F4} = {B7C7F5F3-F030-43FB-B927-96A2D0626B02}
		{669F5E76-3507-452F-B90B-88F045EC3E8D} = {5E3E1EA3-FEB7-48EA-91DE-3D818962CBFB}
		{89198B6F-CCAC-482D-8E55-C742E4A43214} = {5E3E1EA3-FEB7-48EA-91DE-3D818962CBFB}
		{9DC90974-58B8-4EC3-A9C5-96B10D0CD6A9} = {5E3E1EA3-FEB7-48EA-91DE-3D818962CBFB}
		{AC48D420-43E1-4B79-A3CB-DDCE22ABC18C} = {5E3E1EA3-FEB7-48EA-91DE-3D818962CBFB}
		{C340A193-B0DC-45B2-8975-73081D1B6784} = {13571306-578D-4693-898D-7C6880E3D46E}
		{D9E97E25-93C7-4CBB-9767-CDB6522B6EC8} = {C561D1CC-A04F-41D6-86BE-5D05F0207C25}
		{F615A647-5914-4701-9BE2-B15DBDE54501} = {B7C7F5F3-F030-43FB-B927-96A2D0626B02}
		{FD75E829-FE31-4CEC-ACD3-294DAB75AE9F} = {B7C7F5F3-F030-43FB-B927-96A2D0626B02}
	EndGlobalSection
EndGlobal
