
Microsoft Visual Studio Solution File, Format Version 12.00
# Visual Studio 11
Project("{8BC9CEB8-8B4A-11D0-8D11-00A0C91BC942}") = "CxxReflect", "CxxReflect\CxxReflect.vcxproj", "{64DC7DFF-D2E4-4086-BE24-02F0B9D71128}"
EndProject
Project("{2150E333-8FDC-42A3-9474-1A3956D46DE8}") = "Solution Items", "Solution Items", "{FF0B4992-AB90-42A3-AA05-74BF7EEA91F4}"
	ProjectSection(SolutionItems) = preProject
		LICENSE_1_0.txt = LICENSE_1_0.txt
		README.txt = README.txt
	EndProjectSection
EndProject
Project("{2150E333-8FDC-42A3-9474-1A3956D46DE8}") = "Test Projects", "Test Projects", "{85CFFE22-464D-46EE-9891-AA18F2ECBA38}"
EndProject
Project("{8BC9CEB8-8B4A-11D0-8D11-00A0C91BC942}") = "ReflectionComparer", "Tests\ReflectionComparer\ReflectionComparer.vcxproj", "{B94E5560-3253-8F9B-E2F2-B45BC3FB857D}"
EndProject
Project("{8BC9CEB8-8B4A-11D0-8D11-00A0C91BC942}") = "GreatBigTestAssembly", "Tests\GreatBigTestAssembly\GreatBigTestAssembly.vcxproj", "{5AE9B06C-6FCB-1C37-61AA-ADE4F26C9C87}"
EndProject
Project("{8BC9CEB8-8B4A-11D0-8D11-00A0C91BC942}") = "AssemblyDumpCPP", "Tests\AssemblyDumpCPP\AssemblyDumpCPP.vcxproj", "{9BF0F378-26C8-4169-825F-A0ECC00D1E2E}"
EndProject
Project("{FAE04EC0-301F-11D3-BF4B-00C04F79EFBC}") = "AssemblyDumpCS", "Tests\AssemblyDumpCS\AssemblyDumpCS.csproj", "{1AF4E75F-885B-43C0-B499-30AEA9F41B9F}"
EndProject
Project("{8BC9CEB8-8B4A-11D0-8D11-00A0C91BC942}") = "TestAssemblies", "Tests\TestAssemblies\TestAssemblies.vcxproj", "{007BEE1C-3BB6-CD4B-65B7-53E89EE99690}"
EndProject
Project("{8BC9CEB8-8B4A-11D0-8D11-00A0C91BC942}") = "WinRTBasicReflectionInstantiation", "Tests\WinRTBasicReflectionInstantiation\WinRTBasicReflectionInstantiation.vcxproj", "{BC2BE606-2A66-4736-9E7D-7D0DCABEB16B}"
EndProject
Project("{8BC9CEB8-8B4A-11D0-8D11-00A0C91BC942}") = "WinRTBasicReflectionTest", "Tests\WinRTBasicReflectionTest\WinRTBasicReflectionTest.vcxproj", "{F2749823-C77A-4907-8546-78DFF66BF6E2}"
EndProject
Global
	GlobalSection(SolutionConfigurationPlatforms) = preSolution
		Debug|ARM = Debug|ARM
		Debug|Any CPU = Debug|Any CPU
		Debug|Mixed Platforms = Debug|Mixed Platforms
		Debug|Win32 = Debug|Win32
		Debug|x64 = Debug|x64
		Profiling|ARM = Profiling|ARM
		Profiling|Any CPU = Profiling|Any CPU
		Profiling|Mixed Platforms = Profiling|Mixed Platforms
		Profiling|Win32 = Profiling|Win32
		Profiling|x64 = Profiling|x64
		Release|ARM = Release|ARM
		Release|Any CPU = Release|Any CPU
		Release|Mixed Platforms = Release|Mixed Platforms
		Release|Win32 = Release|Win32
		Release|x64 = Release|x64
	EndGlobalSection
	GlobalSection(ProjectConfigurationPlatforms) = postSolution
		{007BEE1C-3BB6-CD4B-65B7-53E89EE99690}.Debug|ARM.ActiveCfg = Debug|Win32
		{007BEE1C-3BB6-CD4B-65B7-53E89EE99690}.Debug|Any CPU.ActiveCfg = Debug|Win32
		{007BEE1C-3BB6-CD4B-65B7-53E89EE99690}.Debug|Mixed Platforms.ActiveCfg = Debug|Win32
		{007BEE1C-3BB6-CD4B-65B7-53E89EE99690}.Debug|Mixed Platforms.Build.0 = Debug|Win32
		{007BEE1C-3BB6-CD4B-65B7-53E89EE99690}.Debug|Win32.ActiveCfg = Debug|Win32
		{007BEE1C-3BB6-CD4B-65B7-53E89EE99690}.Debug|Win32.Build.0 = Debug|Win32
		{007BEE1C-3BB6-CD4B-65B7-53E89EE99690}.Debug|x64.ActiveCfg = Debug|Win32
		{007BEE1C-3BB6-CD4B-65B7-53E89EE99690}.Profiling|ARM.ActiveCfg = Release|Win32
		{007BEE1C-3BB6-CD4B-65B7-53E89EE99690}.Profiling|Any CPU.ActiveCfg = Release|Win32
		{007BEE1C-3BB6-CD4B-65B7-53E89EE99690}.Profiling|Mixed Platforms.ActiveCfg = Release|Win32
		{007BEE1C-3BB6-CD4B-65B7-53E89EE99690}.Profiling|Mixed Platforms.Build.0 = Release|Win32
		{007BEE1C-3BB6-CD4B-65B7-53E89EE99690}.Profiling|Win32.ActiveCfg = Release|Win32
		{007BEE1C-3BB6-CD4B-65B7-53E89EE99690}.Profiling|Win32.Build.0 = Release|Win32
		{007BEE1C-3BB6-CD4B-65B7-53E89EE99690}.Profiling|x64.ActiveCfg = Release|Win32
		{007BEE1C-3BB6-CD4B-65B7-53E89EE99690}.Release|ARM.ActiveCfg = Release|Win32
		{007BEE1C-3BB6-CD4B-65B7-53E89EE99690}.Release|Any CPU.ActiveCfg = Release|Win32
		{007BEE1C-3BB6-CD4B-65B7-53E89EE99690}.Release|Mixed Platforms.ActiveCfg = Release|Win32
		{007BEE1C-3BB6-CD4B-65B7-53E89EE99690}.Release|Mixed Platforms.Build.0 = Release|Win32
		{007BEE1C-3BB6-CD4B-65B7-53E89EE99690}.Release|Win32.ActiveCfg = Release|Win32
		{007BEE1C-3BB6-CD4B-65B7-53E89EE99690}.Release|Win32.Build.0 = Release|Win32
		{007BEE1C-3BB6-CD4B-65B7-53E89EE99690}.Release|x64.ActiveCfg = Release|Win32
		{1AF4E75F-885B-43C0-B499-30AEA9F41B9F}.Debug|ARM.ActiveCfg = Debug|Any CPU
		{1AF4E75F-885B-43C0-B499-30AEA9F41B9F}.Debug|Any CPU.ActiveCfg = Debug|Any CPU
		{1AF4E75F-885B-43C0-B499-30AEA9F41B9F}.Debug|Any CPU.Build.0 = Debug|Any CPU
		{1AF4E75F-885B-43C0-B499-30AEA9F41B9F}.Debug|Mixed Platforms.ActiveCfg = Debug|Any CPU
		{1AF4E75F-885B-43C0-B499-30AEA9F41B9F}.Debug|Mixed Platforms.Build.0 = Debug|Any CPU
		{1AF4E75F-885B-43C0-B499-30AEA9F41B9F}.Debug|Win32.ActiveCfg = Debug|Any CPU
		{1AF4E75F-885B-43C0-B499-30AEA9F41B9F}.Debug|x64.ActiveCfg = Debug|Any CPU
		{1AF4E75F-885B-43C0-B499-30AEA9F41B9F}.Profiling|ARM.ActiveCfg = Release|Any CPU
		{1AF4E75F-885B-43C0-B499-30AEA9F41B9F}.Profiling|Any CPU.ActiveCfg = Release|Any CPU
		{1AF4E75F-885B-43C0-B499-30AEA9F41B9F}.Profiling|Any CPU.Build.0 = Release|Any CPU
		{1AF4E75F-885B-43C0-B499-30AEA9F41B9F}.Profiling|Mixed Platforms.ActiveCfg = Release|Any CPU
		{1AF4E75F-885B-43C0-B499-30AEA9F41B9F}.Profiling|Mixed Platforms.Build.0 = Release|Any CPU
		{1AF4E75F-885B-43C0-B499-30AEA9F41B9F}.Profiling|Win32.ActiveCfg = Release|Any CPU
		{1AF4E75F-885B-43C0-B499-30AEA9F41B9F}.Profiling|x64.ActiveCfg = Release|Any CPU
		{1AF4E75F-885B-43C0-B499-30AEA9F41B9F}.Release|ARM.ActiveCfg = Release|Any CPU
		{1AF4E75F-885B-43C0-B499-30AEA9F41B9F}.Release|Any CPU.ActiveCfg = Release|Any CPU
		{1AF4E75F-885B-43C0-B499-30AEA9F41B9F}.Release|Any CPU.Build.0 = Release|Any CPU
		{1AF4E75F-885B-43C0-B499-30AEA9F41B9F}.Release|Mixed Platforms.ActiveCfg = Release|Any CPU
		{1AF4E75F-885B-43C0-B499-30AEA9F41B9F}.Release|Mixed Platforms.Build.0 = Release|Any CPU
		{1AF4E75F-885B-43C0-B499-30AEA9F41B9F}.Release|Win32.ActiveCfg = Release|Any CPU
		{1AF4E75F-885B-43C0-B499-30AEA9F41B9F}.Release|x64.ActiveCfg = Release|Any CPU
		{5AE9B06C-6FCB-1C37-61AA-ADE4F26C9C87}.Debug|ARM.ActiveCfg = Debug|ARM
		{5AE9B06C-6FCB-1C37-61AA-ADE4F26C9C87}.Debug|ARM.Build.0 = Debug|ARM
		{5AE9B06C-6FCB-1C37-61AA-ADE4F26C9C87}.Debug|Any CPU.ActiveCfg = Debug|Win32
		{5AE9B06C-6FCB-1C37-61AA-ADE4F26C9C87}.Debug|Mixed Platforms.ActiveCfg = Debug|Win32
		{5AE9B06C-6FCB-1C37-61AA-ADE4F26C9C87}.Debug|Mixed Platforms.Build.0 = Debug|Win32
		{5AE9B06C-6FCB-1C37-61AA-ADE4F26C9C87}.Debug|Win32.ActiveCfg = Debug|Win32
		{5AE9B06C-6FCB-1C37-61AA-ADE4F26C9C87}.Debug|Win32.Build.0 = Debug|Win32
		{5AE9B06C-6FCB-1C37-61AA-ADE4F26C9C87}.Debug|x64.ActiveCfg = Debug|x64
		{5AE9B06C-6FCB-1C37-61AA-ADE4F26C9C87}.Debug|x64.Build.0 = Debug|x64
		{5AE9B06C-6FCB-1C37-61AA-ADE4F26C9C87}.Profiling|ARM.ActiveCfg = Profiling|ARM
		{5AE9B06C-6FCB-1C37-61AA-ADE4F26C9C87}.Profiling|ARM.Build.0 = Profiling|ARM
		{5AE9B06C-6FCB-1C37-61AA-ADE4F26C9C87}.Profiling|Any CPU.ActiveCfg = Profiling|Win32
		{5AE9B06C-6FCB-1C37-61AA-ADE4F26C9C87}.Profiling|Mixed Platforms.ActiveCfg = Profiling|Win32
		{5AE9B06C-6FCB-1C37-61AA-ADE4F26C9C87}.Profiling|Mixed Platforms.Build.0 = Profiling|Win32
		{5AE9B06C-6FCB-1C37-61AA-ADE4F26C9C87}.Profiling|Win32.ActiveCfg = Profiling|Win32
		{5AE9B06C-6FCB-1C37-61AA-ADE4F26C9C87}.Profiling|Win32.Build.0 = Profiling|Win32
		{5AE9B06C-6FCB-1C37-61AA-ADE4F26C9C87}.Profiling|x64.ActiveCfg = Profiling|x64
		{5AE9B06C-6FCB-1C37-61AA-ADE4F26C9C87}.Profiling|x64.Build.0 = Profiling|x64
		{5AE9B06C-6FCB-1C37-61AA-ADE4F26C9C87}.Release|ARM.ActiveCfg = Release|ARM
		{5AE9B06C-6FCB-1C37-61AA-ADE4F26C9C87}.Release|ARM.Build.0 = Release|ARM
		{5AE9B06C-6FCB-1C37-61AA-ADE4F26C9C87}.Release|Any CPU.ActiveCfg = Release|Win32
		{5AE9B06C-6FCB-1C37-61AA-ADE4F26C9C87}.Release|Mixed Platforms.ActiveCfg = Release|Win32
		{5AE9B06C-6FCB-1C37-61AA-ADE4F26C9C87}.Release|Mixed Platforms.Build.0 = Release|Win32
		{5AE9B06C-6FCB-1C37-61AA-ADE4F26C9C87}.Release|Win32.ActiveCfg = Release|Win32
		{5AE9B06C-6FCB-1C37-61AA-ADE4F26C9C87}.Release|Win32.Build.0 = Release|Win32
		{5AE9B06C-6FCB-1C37-61AA-ADE4F26C9C87}.Release|x64.ActiveCfg = Release|x64
		{5AE9B06C-6FCB-1C37-61AA-ADE4F26C9C87}.Release|x64.Build.0 = Release|x64
		{64DC7DFF-D2E4-4086-BE24-02F0B9D71128}.Debug|ARM.ActiveCfg = Debug|Win32
		{64DC7DFF-D2E4-4086-BE24-02F0B9D71128}.Debug|Any CPU.ActiveCfg = Debug|Win32
		{64DC7DFF-D2E4-4086-BE24-02F0B9D71128}.Debug|Mixed Platforms.ActiveCfg = Debug|Win32
		{64DC7DFF-D2E4-4086-BE24-02F0B9D71128}.Debug|Mixed Platforms.Build.0 = Debug|Win32
		{64DC7DFF-D2E4-4086-BE24-02F0B9D71128}.Debug|Win32.ActiveCfg = Debug|Win32
		{64DC7DFF-D2E4-4086-BE24-02F0B9D71128}.Debug|Win32.Build.0 = Debug|Win32
		{64DC7DFF-D2E4-4086-BE24-02F0B9D71128}.Debug|x64.ActiveCfg = Debug|x64
		{64DC7DFF-D2E4-4086-BE24-02F0B9D71128}.Debug|x64.Build.0 = Debug|x64
		{64DC7DFF-D2E4-4086-BE24-02F0B9D71128}.Profiling|ARM.ActiveCfg = Profiling|ARM
		{64DC7DFF-D2E4-4086-BE24-02F0B9D71128}.Profiling|ARM.Build.0 = Profiling|ARM
		{64DC7DFF-D2E4-4086-BE24-02F0B9D71128}.Profiling|Any CPU.ActiveCfg = Profiling|Win32
		{64DC7DFF-D2E4-4086-BE24-02F0B9D71128}.Profiling|Any CPU.Build.0 = Profiling|Win32
		{64DC7DFF-D2E4-4086-BE24-02F0B9D71128}.Profiling|Mixed Platforms.ActiveCfg = Profiling|x64
		{64DC7DFF-D2E4-4086-BE24-02F0B9D71128}.Profiling|Mixed Platforms.Build.0 = Profiling|x64
		{64DC7DFF-D2E4-4086-BE24-02F0B9D71128}.Profiling|Win32.ActiveCfg = Profiling|Win32
		{64DC7DFF-D2E4-4086-BE24-02F0B9D71128}.Profiling|Win32.Build.0 = Profiling|Win32
		{64DC7DFF-D2E4-4086-BE24-02F0B9D71128}.Profiling|x64.ActiveCfg = Profiling|x64
		{64DC7DFF-D2E4-4086-BE24-02F0B9D71128}.Profiling|x64.Build.0 = Profiling|x64
		{64DC7DFF-D2E4-4086-BE24-02F0B9D71128}.Release|ARM.ActiveCfg = Release|Win32
		{64DC7DFF-D2E4-4086-BE24-02F0B9D71128}.Release|Any CPU.ActiveCfg = Release|Win32
		{64DC7DFF-D2E4-4086-BE24-02F0B9D71128}.Release|Mixed Platforms.ActiveCfg = Release|Win32
		{64DC7DFF-D2E4-4086-BE24-02F0B9D71128}.Release|Mixed Platforms.Build.0 = Release|Win32
		{64DC7DFF-D2E4-4086-BE24-02F0B9D71128}.Release|Win32.ActiveCfg = Release|Win32
		{64DC7DFF-D2E4-4086-BE24-02F0B9D71128}.Release|Win32.Build.0 = Release|Win32
		{64DC7DFF-D2E4-4086-BE24-02F0B9D71128}.Release|x64.ActiveCfg = Release|x64
		{64DC7DFF-D2E4-4086-BE24-02F0B9D71128}.Release|x64.Build.0 = Release|x64
		{9BF0F378-26C8-4169-825F-A0ECC00D1E2E}.Debug|ARM.ActiveCfg = Debug|ARM
		{9BF0F378-26C8-4169-825F-A0ECC00D1E2E}.Debug|ARM.Build.0 = Debug|ARM
		{9BF0F378-26C8-4169-825F-A0ECC00D1E2E}.Debug|Any CPU.ActiveCfg = Debug|Win32
		{9BF0F378-26C8-4169-825F-A0ECC00D1E2E}.Debug|Mixed Platforms.ActiveCfg = Debug|Win32
		{9BF0F378-26C8-4169-825F-A0ECC00D1E2E}.Debug|Mixed Platforms.Build.0 = Debug|Win32
		{9BF0F378-26C8-4169-825F-A0ECC00D1E2E}.Debug|Win32.ActiveCfg = Debug|Win32
		{9BF0F378-26C8-4169-825F-A0ECC00D1E2E}.Debug|Win32.Build.0 = Debug|Win32
		{9BF0F378-26C8-4169-825F-A0ECC00D1E2E}.Debug|x64.ActiveCfg = Debug|x64
		{9BF0F378-26C8-4169-825F-A0ECC00D1E2E}.Debug|x64.Build.0 = Debug|x64
		{9BF0F378-26C8-4169-825F-A0ECC00D1E2E}.Profiling|ARM.ActiveCfg = Profiling|ARM
		{9BF0F378-26C8-4169-825F-A0ECC00D1E2E}.Profiling|ARM.Build.0 = Profiling|ARM
		{9BF0F378-26C8-4169-825F-A0ECC00D1E2E}.Profiling|Any CPU.ActiveCfg = Profiling|Win32
		{9BF0F378-26C8-4169-825F-A0ECC00D1E2E}.Profiling|Mixed Platforms.ActiveCfg = Profiling|Win32
		{9BF0F378-26C8-4169-825F-A0ECC00D1E2E}.Profiling|Mixed Platforms.Build.0 = Profiling|Win32
		{9BF0F378-26C8-4169-825F-A0ECC00D1E2E}.Profiling|Win32.ActiveCfg = Profiling|Win32
		{9BF0F378-26C8-4169-825F-A0ECC00D1E2E}.Profiling|Win32.Build.0 = Profiling|Win32
		{9BF0F378-26C8-4169-825F-A0ECC00D1E2E}.Profiling|x64.ActiveCfg = Profiling|x64
		{9BF0F378-26C8-4169-825F-A0ECC00D1E2E}.Profiling|x64.Build.0 = Profiling|x64
		{9BF0F378-26C8-4169-825F-A0ECC00D1E2E}.Release|ARM.ActiveCfg = Release|ARM
		{9BF0F378-26C8-4169-825F-A0ECC00D1E2E}.Release|ARM.Build.0 = Release|ARM
		{9BF0F378-26C8-4169-825F-A0ECC00D1E2E}.Release|Any CPU.ActiveCfg = Release|Win32
		{9BF0F378-26C8-4169-825F-A0ECC00D1E2E}.Release|Mixed Platforms.ActiveCfg = Release|Win32
		{9BF0F378-26C8-4169-825F-A0ECC00D1E2E}.Release|Mixed Platforms.Build.0 = Release|Win32
		{9BF0F378-26C8-4169-825F-A0ECC00D1E2E}.Release|Win32.ActiveCfg = Release|Win32
		{9BF0F378-26C8-4169-825F-A0ECC00D1E2E}.Release|Win32.Build.0 = Release|Win32
		{9BF0F378-26C8-4169-825F-A0ECC00D1E2E}.Release|x64.ActiveCfg = Release|x64
		{9BF0F378-26C8-4169-825F-A0ECC00D1E2E}.Release|x64.Build.0 = Release|x64
		{B94E5560-3253-8F9B-E2F2-B45BC3FB857D}.Debug|ARM.ActiveCfg = Debug|Win32
		{B94E5560-3253-8F9B-E2F2-B45BC3FB857D}.Debug|Any CPU.ActiveCfg = Debug|Win32
		{B94E5560-3253-8F9B-E2F2-B45BC3FB857D}.Debug|Mixed Platforms.ActiveCfg = Debug|Win32
		{B94E5560-3253-8F9B-E2F2-B45BC3FB857D}.Debug|Mixed Platforms.Build.0 = Debug|Win32
		{B94E5560-3253-8F9B-E2F2-B45BC3FB857D}.Debug|Win32.ActiveCfg = Debug|Win32
		{B94E5560-3253-8F9B-E2F2-B45BC3FB857D}.Debug|Win32.Build.0 = Debug|Win32
		{B94E5560-3253-8F9B-E2F2-B45BC3FB857D}.Debug|x64.ActiveCfg = Debug|Win32
		{B94E5560-3253-8F9B-E2F2-B45BC3FB857D}.Profiling|ARM.ActiveCfg = Release|Win32
		{B94E5560-3253-8F9B-E2F2-B45BC3FB857D}.Profiling|Any CPU.ActiveCfg = Release|Win32
		{B94E5560-3253-8F9B-E2F2-B45BC3FB857D}.Profiling|Mixed Platforms.ActiveCfg = Release|Win32
		{B94E5560-3253-8F9B-E2F2-B45BC3FB857D}.Profiling|Mixed Platforms.Build.0 = Release|Win32
		{B94E5560-3253-8F9B-E2F2-B45BC3FB857D}.Profiling|Win32.ActiveCfg = Release|Win32
		{B94E5560-3253-8F9B-E2F2-B45BC3FB857D}.Profiling|Win32.Build.0 = Release|Win32
		{B94E5560-3253-8F9B-E2F2-B45BC3FB857D}.Profiling|x64.ActiveCfg = Release|Win32
		{B94E5560-3253-8F9B-E2F2-B45BC3FB857D}.Release|ARM.ActiveCfg = Release|Win32
		{B94E5560-3253-8F9B-E2F2-B45BC3FB857D}.Release|Any CPU.ActiveCfg = Release|Win32
		{B94E5560-3253-8F9B-E2F2-B45BC3FB857D}.Release|Mixed Platforms.ActiveCfg = Release|Win32
		{B94E5560-3253-8F9B-E2F2-B45BC3FB857D}.Release|Mixed Platforms.Build.0 = Release|Win32
		{B94E5560-3253-8F9B-E2F2-B45BC3FB857D}.Release|Win32.ActiveCfg = Release|Win32
		{B94E5560-3253-8F9B-E2F2-B45BC3FB857D}.Release|Win32.Build.0 = Release|Win32
		{B94E5560-3253-8F9B-E2F2-B45BC3FB857D}.Release|x64.ActiveCfg = Release|Win32
		{BC2BE606-2A66-4736-9E7D-7D0DCABEB16B}.Debug|ARM.ActiveCfg = Debug|ARM
		{BC2BE606-2A66-4736-9E7D-7D0DCABEB16B}.Debug|ARM.Build.0 = Debug|ARM
		{BC2BE606-2A66-4736-9E7D-7D0DCABEB16B}.Debug|ARM.Deploy.0 = Debug|ARM
		{BC2BE606-2A66-4736-9E7D-7D0DCABEB16B}.Debug|Any CPU.ActiveCfg = Debug|Win32
		{BC2BE606-2A66-4736-9E7D-7D0DCABEB16B}.Debug|Mixed Platforms.ActiveCfg = Debug|Win32
		{BC2BE606-2A66-4736-9E7D-7D0DCABEB16B}.Debug|Mixed Platforms.Build.0 = Debug|Win32
		{BC2BE606-2A66-4736-9E7D-7D0DCABEB16B}.Debug|Mixed Platforms.Deploy.0 = Debug|Win32
		{BC2BE606-2A66-4736-9E7D-7D0DCABEB16B}.Debug|Win32.ActiveCfg = Debug|Win32
		{BC2BE606-2A66-4736-9E7D-7D0DCABEB16B}.Debug|Win32.Build.0 = Debug|Win32
		{BC2BE606-2A66-4736-9E7D-7D0DCABEB16B}.Debug|Win32.Deploy.0 = Debug|Win32
		{BC2BE606-2A66-4736-9E7D-7D0DCABEB16B}.Debug|x64.ActiveCfg = Debug|x64
		{BC2BE606-2A66-4736-9E7D-7D0DCABEB16B}.Debug|x64.Build.0 = Debug|x64
		{BC2BE606-2A66-4736-9E7D-7D0DCABEB16B}.Debug|x64.Deploy.0 = Debug|x64
		{BC2BE606-2A66-4736-9E7D-7D0DCABEB16B}.Profiling|ARM.ActiveCfg = Release|ARM
		{BC2BE606-2A66-4736-9E7D-7D0DCABEB16B}.Profiling|ARM.Build.0 = Release|ARM
		{BC2BE606-2A66-4736-9E7D-7D0DCABEB16B}.Profiling|ARM.Deploy.0 = Release|ARM
		{BC2BE606-2A66-4736-9E7D-7D0DCABEB16B}.Profiling|Any CPU.ActiveCfg = Release|Win32
		{BC2BE606-2A66-4736-9E7D-7D0DCABEB16B}.Profiling|Mixed Platforms.ActiveCfg = Release|Win32
		{BC2BE606-2A66-4736-9E7D-7D0DCABEB16B}.Profiling|Mixed Platforms.Build.0 = Release|Win32
		{BC2BE606-2A66-4736-9E7D-7D0DCABEB16B}.Profiling|Mixed Platforms.Deploy.0 = Release|Win32
		{BC2BE606-2A66-4736-9E7D-7D0DCABEB16B}.Profiling|Win32.ActiveCfg = Release|Win32
		{BC2BE606-2A66-4736-9E7D-7D0DCABEB16B}.Profiling|Win32.Build.0 = Release|Win32
		{BC2BE606-2A66-4736-9E7D-7D0DCABEB16B}.Profiling|Win32.Deploy.0 = Release|Win32
		{BC2BE606-2A66-4736-9E7D-7D0DCABEB16B}.Profiling|x64.ActiveCfg = Release|x64
		{BC2BE606-2A66-4736-9E7D-7D0DCABEB16B}.Profiling|x64.Build.0 = Release|x64
		{BC2BE606-2A66-4736-9E7D-7D0DCABEB16B}.Profiling|x64.Deploy.0 = Release|x64
		{BC2BE606-2A66-4736-9E7D-7D0DCABEB16B}.Release|ARM.ActiveCfg = Release|ARM
		{BC2BE606-2A66-4736-9E7D-7D0DCABEB16B}.Release|ARM.Build.0 = Release|ARM
		{BC2BE606-2A66-4736-9E7D-7D0DCABEB16B}.Release|ARM.Deploy.0 = Release|ARM
		{BC2BE606-2A66-4736-9E7D-7D0DCABEB16B}.Release|Any CPU.ActiveCfg = Release|Win32
		{BC2BE606-2A66-4736-9E7D-7D0DCABEB16B}.Release|Mixed Platforms.ActiveCfg = Release|Win32
		{BC2BE606-2A66-4736-9E7D-7D0DCABEB16B}.Release|Mixed Platforms.Build.0 = Release|Win32
		{BC2BE606-2A66-4736-9E7D-7D0DCABEB16B}.Release|Mixed Platforms.Deploy.0 = Release|Win32
		{BC2BE606-2A66-4736-9E7D-7D0DCABEB16B}.Release|Win32.ActiveCfg = Release|Win32
		{BC2BE606-2A66-4736-9E7D-7D0DCABEB16B}.Release|Win32.Build.0 = Release|Win32
		{BC2BE606-2A66-4736-9E7D-7D0DCABEB16B}.Release|Win32.Deploy.0 = Release|Win32
		{BC2BE606-2A66-4736-9E7D-7D0DCABEB16B}.Release|x64.ActiveCfg = Release|x64
		{BC2BE606-2A66-4736-9E7D-7D0DCABEB16B}.Release|x64.Build.0 = Release|x64
		{BC2BE606-2A66-4736-9E7D-7D0DCABEB16B}.Release|x64.Deploy.0 = Release|x64
		{F2749823-C77A-4907-8546-78DFF66BF6E2}.Debug|ARM.ActiveCfg = Debug|ARM
		{F2749823-C77A-4907-8546-78DFF66BF6E2}.Debug|ARM.Build.0 = Debug|ARM
		{F2749823-C77A-4907-8546-78DFF66BF6E2}.Debug|Any CPU.ActiveCfg = Debug|Win32
		{F2749823-C77A-4907-8546-78DFF66BF6E2}.Debug|Mixed Platforms.ActiveCfg = Debug|Win32
		{F2749823-C77A-4907-8546-78DFF66BF6E2}.Debug|Mixed Platforms.Build.0 = Debug|Win32
		{F2749823-C77A-4907-8546-78DFF66BF6E2}.Debug|Win32.ActiveCfg = Debug|Win32
		{F2749823-C77A-4907-8546-78DFF66BF6E2}.Debug|Win32.Build.0 = Debug|Win32
		{F2749823-C77A-4907-8546-78DFF66BF6E2}.Debug|x64.ActiveCfg = Debug|x64
		{F2749823-C77A-4907-8546-78DFF66BF6E2}.Debug|x64.Build.0 = Debug|x64
		{F2749823-C77A-4907-8546-78DFF66BF6E2}.Profiling|ARM.ActiveCfg = Release|ARM
		{F2749823-C77A-4907-8546-78DFF66BF6E2}.Profiling|ARM.Build.0 = Release|ARM
		{F2749823-C77A-4907-8546-78DFF66BF6E2}.Profiling|Any CPU.ActiveCfg = Release|Win32
		{F2749823-C77A-4907-8546-78DFF66BF6E2}.Profiling|Mixed Platforms.ActiveCfg = Release|Win32
		{F2749823-C77A-4907-8546-78DFF66BF6E2}.Profiling|Mixed Platforms.Build.0 = Release|Win32
		{F2749823-C77A-4907-8546-78DFF66BF6E2}.Profiling|Win32.ActiveCfg = Release|Win32
		{F2749823-C77A-4907-8546-78DFF66BF6E2}.Profiling|Win32.Build.0 = Release|Win32
		{F2749823-C77A-4907-8546-78DFF66BF6E2}.Profiling|x64.ActiveCfg = Release|x64
		{F2749823-C77A-4907-8546-78DFF66BF6E2}.Profiling|x64.Build.0 = Release|x64
		{F2749823-C77A-4907-8546-78DFF66BF6E2}.Release|ARM.ActiveCfg = Release|ARM
		{F2749823-C77A-4907-8546-78DFF66BF6E2}.Release|ARM.Build.0 = Release|ARM
		{F2749823-C77A-4907-8546-78DFF66BF6E2}.Release|Any CPU.ActiveCfg = Release|Win32
		{F2749823-C77A-4907-8546-78DFF66BF6E2}.Release|Mixed Platforms.ActiveCfg = Release|Win32
		{F2749823-C77A-4907-8546-78DFF66BF6E2}.Release|Mixed Platforms.Build.0 = Release|Win32
		{F2749823-C77A-4907-8546-78DFF66BF6E2}.Release|Win32.ActiveCfg = Release|Win32
		{F2749823-C77A-4907-8546-78DFF66BF6E2}.Release|Win32.Build.0 = Release|Win32
		{F2749823-C77A-4907-8546-78DFF66BF6E2}.Release|x64.ActiveCfg = Release|x64
		{F2749823-C77A-4907-8546-78DFF66BF6E2}.Release|x64.Build.0 = Release|x64
	EndGlobalSection
	GlobalSection(SolutionProperties) = preSolution
		HideSolutionNode = FALSE
	EndGlobalSection
	GlobalSection(NestedProjects) = preSolution
		{007BEE1C-3BB6-CD4B-65B7-53E89EE99690} = {85CFFE22-464D-46EE-9891-AA18F2ECBA38}
		{1AF4E75F-885B-43C0-B499-30AEA9F41B9F} = {85CFFE22-464D-46EE-9891-AA18F2ECBA38}
		{5AE9B06C-6FCB-1C37-61AA-ADE4F26C9C87} = {85CFFE22-464D-46EE-9891-AA18F2ECBA38}
		{9BF0F378-26C8-4169-825F-A0ECC00D1E2E} = {85CFFE22-464D-46EE-9891-AA18F2ECBA38}
		{B94E5560-3253-8F9B-E2F2-B45BC3FB857D} = {85CFFE22-464D-46EE-9891-AA18F2ECBA38}
		{BC2BE606-2A66-4736-9E7D-7D0DCABEB16B} = {85CFFE22-464D-46EE-9891-AA18F2ECBA38}
		{F2749823-C77A-4907-8546-78DFF66BF6E2} = {85CFFE22-464D-46EE-9891-AA18F2ECBA38}
	EndGlobalSection
EndGlobal
