
Microsoft Visual Studio Solution File, Format Version 12.00
# Visual Studio 2012
Project("{8BC9CEB8-8B4A-11D0-8D11-00A0C91BC942}") = "cxxreflect_core", "cxxreflect\core\cxxreflect_core.vcxproj", "{53B02AFA-1600-49B3-BC8A-6949C77F74F4}"
EndProject
Project("{8BC9CEB8-8B4A-11D0-8D11-00A0C91BC942}") = "cxxreflect", "cxxreflect\cxxreflect.vcxproj", "{1323C7D0-55D3-2A4A-EC85-6693FC4678FE}"
EndProject
Project("{8BC9CEB8-8B4A-11D0-8D11-00A0C91BC942}") = "cxxreflect_metadata", "cxxreflect\metadata\cxxreflect_metadata.vcxproj", "{035DCFC2-3BAD-4B6A-ADBC-90647A9675EB}"
EndProject
Project("{8BC9CEB8-8B4A-11D0-8D11-00A0C91BC942}") = "cxxreflect_reflection", "cxxreflect\reflection\cxxreflect_reflection.vcxproj", "{F615A647-5914-4701-9BE2-B15DBDE54501}"
EndProject
Project("{8BC9CEB8-8B4A-11D0-8D11-00A0C91BC942}") = "cxxreflect_windows_runtime", "cxxreflect\windows_runtime\cxxreflect_windows_runtime.vcxproj", "{FD75E829-FE31-4CEC-ACD3-294DAB75AE9F}"
EndProject
Project("{8BC9CEB8-8B4A-11D0-8D11-00A0C91BC942}") = "cil_assemblies", "tests\assemblies\cil_assemblies\cil_assemblies.vcxproj", "{9DC90974-58B8-4EC3-A9C5-96B10D0CD6A9}"
EndProject
Project("{8BC9CEB8-8B4A-11D0-8D11-00A0C91BC942}") = "TestComponents.Alpha", "tests\assemblies\windows_runtime_alpha\TestComponents.Alpha.vcxproj", "{C340A193-B0DC-45B2-8975-73081D1B6784}"
EndProject
Project("{8BC9CEB8-8B4A-11D0-8D11-00A0C91BC942}") = "metadata_writer_cxx", "tests\executables\metadata_writer_cxx\metadata_writer_cxx.vcxproj", "{AC48D420-43E1-4B79-A3CB-DDCE22ABC18C}"
EndProject
Project("{8BC9CEB8-8B4A-11D0-8D11-00A0C91BC942}") = "reflection_comparer", "tests\executables\reflection_comparer\reflection_comparer.vcxproj", "{669F5E76-3507-452F-B90B-88F045EC3E8D}"
EndProject
Project("{8BC9CEB8-8B4A-11D0-8D11-00A0C91BC942}") = "reflection_writer_cxx", "tests\executables\reflection_writer_cxx\reflection_writer_cxx.vcxproj", "{89198B6F-CCAC-482D-8E55-C742E4A43214}"
EndProject
Project("{8BC9CEB8-8B4A-11D0-8D11-00A0C91BC942}") = "unit_tests_infrastructure", "tests\unit_tests\infrastructure\unit_tests_infrastructure.vcxproj", "{599226A2-CED5-4AAB-B6AE-9B20EF469C6F}"
EndProject
Project("{8BC9CEB8-8B4A-11D0-8D11-00A0C91BC942}") = "unit_tests_neutral", "tests\unit_tests\neutral\unit_tests_neutral.vcxproj", "{2F515CF8-CE89-4192-B017-8227D21FCD54}"
EndProject
Project("{8BC9CEB8-8B4A-11D0-8D11-00A0C91BC942}") = "unit_tests_windows_runtime", "tests\unit_tests\windows_runtime\unit_tests_windows_runtime.vcxproj", "{5D28BCBF-82F0-4CEE-8471-3B486DDEB838}"
EndProject
Project("{8BC9CEB8-8B4A-11D0-8D11-00A0C91BC942}") = "create_sln_from_directories", "utility\create_sln_from_directories\create_sln_from_directories.vcxproj", "{2AB43027-E9CE-49B4-A08D-1A39C3F52E94}"
EndProject
Project("{8BC9CEB8-8B4A-11D0-8D11-00A0C91BC942}") = "embed_binary_in_cpp", "utility\embed_binary_in_cpp\embed_binary_in_cpp.vcxproj", "{D9E97E25-93C7-4CBB-9767-CDB6522B6EC8}"
EndProject
Project("{8BC9CEB8-8B4A-11D0-8D11-00A0C91BC942}") = "CxxReflect.Reflection.Native", "windows_runtime_sdk\CxxReflect.Reflection.Native\CxxReflect.Reflection.Native.vcxproj", "{11406F69-CF9E-4F61-B00C-6600A56B0A49}"
EndProject
Project("{8BC9CEB8-8B4A-11D0-8D11-00A0C91BC942}") = "CxxReflect.Reflection", "windows_runtime_sdk\CxxReflect.Reflection\CxxReflect.Reflection.vcxproj", "{FED56876-34E0-41E0-9C2B-B458648BBE5B}"
EndProject
Project("{2150E333-8FDC-42A3-9474-1A3956D46DE8}") = "cxxreflect_", "cxxreflect_", "{BB8640F0-FDB0-F55E-56BB-1C475882E221}"
EndProject
Project("{2150E333-8FDC-42A3-9474-1A3956D46DE8}") = "tests_", "tests_", "{D03FD104-6FAA-9701-CF2C-999019A607C3}"
EndProject
Project("{2150E333-8FDC-42A3-9474-1A3956D46DE8}") = "assemblies_", "assemblies_", "{96AB4D84-ED8B-9D3A-AF55-83114FCBCDCE}"
EndProject
Project("{2150E333-8FDC-42A3-9474-1A3956D46DE8}") = "executables_", "executables_", "{75C46C4B-1FF2-1022-2F61-D5E6482BBFEE}"
EndProject
Project("{2150E333-8FDC-42A3-9474-1A3956D46DE8}") = "unit_tests_", "unit_tests_", "{59CB65A6-51E3-DADC-42CE-5F2FC67979D6}"
EndProject
Project("{2150E333-8FDC-42A3-9474-1A3956D46DE8}") = "utility_", "utility_", "{30FD8488-4ED6-F95C-7054-C14E8A217A1F}"
EndProject
Project("{2150E333-8FDC-42A3-9474-1A3956D46DE8}") = "windows_runtime_sdk_", "windows_runtime_sdk_", "{AE18E7FB-15D5-8599-55E0-9904FC5B923B}"
EndProject
Project("{2150E333-8FDC-42A3-9474-1A3956D46DE8}") = "miscellaneous_", "miscellaneous_", "{2D96883D-3EC7-475A-8506-C13FAB2F3EBE}"
	ProjectSection(SolutionItems) = preProject
		.hgignore = .hgignore
		cxxreflect_all.proj = cxxreflect_all.proj
		Doxyfile = Doxyfile
		LICENSE_1_0.txt = LICENSE_1_0.txt
		README.txt = README.txt
	EndProjectSection
EndProject
Global
	GlobalSection(SolutionConfigurationPlatforms) = preSolution
		Debug(ZW)|Win32 = Debug(ZW)|Win32
		Debug(ZW)|x64 = Debug(ZW)|x64
		Debug|Win32 = Debug|Win32
		Debug|x64 = Debug|x64
		Release(ZW)|Win32 = Release(ZW)|Win32
		Release(ZW)|x64 = Release(ZW)|x64
		Release|Win32 = Release|Win32
		Release|x64 = Release|x64
	EndGlobalSection
	GlobalSection(ProjectConfigurationPlatforms) = postSolution
		{53B02AFA-1600-49B3-BC8A-6949C77F74F4}.Debug(ZW)|Win32.ActiveCfg = Debug(ZW)|Win32
		{53B02AFA-1600-49B3-BC8A-6949C77F74F4}.Debug(ZW)|Win32.Build.0 = Debug(ZW)|Win32
		{53B02AFA-1600-49B3-BC8A-6949C77F74F4}.Debug(ZW)|x64.ActiveCfg = Debug(ZW)|x64
		{53B02AFA-1600-49B3-BC8A-6949C77F74F4}.Debug(ZW)|x64.Build.0 = Debug(ZW)|x64
		{53B02AFA-1600-49B3-BC8A-6949C77F74F4}.Debug|Win32.ActiveCfg = Debug|Win32
		{53B02AFA-1600-49B3-BC8A-6949C77F74F4}.Debug|Win32.Build.0 = Debug|Win32
		{53B02AFA-1600-49B3-BC8A-6949C77F74F4}.Debug|x64.ActiveCfg = Debug|x64
		{53B02AFA-1600-49B3-BC8A-6949C77F74F4}.Debug|x64.Build.0 = Debug|x64
		{53B02AFA-1600-49B3-BC8A-6949C77F74F4}.Release(ZW)|Win32.ActiveCfg = Release(ZW)|Win32
		{53B02AFA-1600-49B3-BC8A-6949C77F74F4}.Release(ZW)|Win32.Build.0 = Release(ZW)|Win32
		{53B02AFA-1600-49B3-BC8A-6949C77F74F4}.Release(ZW)|x64.ActiveCfg = Release(ZW)|x64
		{53B02AFA-1600-49B3-BC8A-6949C77F74F4}.Release(ZW)|x64.Build.0 = Release(ZW)|x64
		{53B02AFA-1600-49B3-BC8A-6949C77F74F4}.Release|Win32.ActiveCfg = Release|Win32
		{53B02AFA-1600-49B3-BC8A-6949C77F74F4}.Release|Win32.Build.0 = Release|Win32
		{53B02AFA-1600-49B3-BC8A-6949C77F74F4}.Release|x64.ActiveCfg = Release|x64
		{53B02AFA-1600-49B3-BC8A-6949C77F74F4}.Release|x64.Build.0 = Release|x64
		{1323C7D0-55D3-2A4A-EC85-6693FC4678FE}.Debug(ZW)|Win32.ActiveCfg = Debug(ZW)|Win32
		{1323C7D0-55D3-2A4A-EC85-6693FC4678FE}.Debug(ZW)|Win32.Build.0 = Debug(ZW)|Win32
		{1323C7D0-55D3-2A4A-EC85-6693FC4678FE}.Debug(ZW)|x64.ActiveCfg = Debug(ZW)|x64
		{1323C7D0-55D3-2A4A-EC85-6693FC4678FE}.Debug(ZW)|x64.Build.0 = Debug(ZW)|x64
		{1323C7D0-55D3-2A4A-EC85-6693FC4678FE}.Debug|Win32.ActiveCfg = Debug|Win32
		{1323C7D0-55D3-2A4A-EC85-6693FC4678FE}.Debug|Win32.Build.0 = Debug|Win32
		{1323C7D0-55D3-2A4A-EC85-6693FC4678FE}.Debug|x64.ActiveCfg = Debug|x64
		{1323C7D0-55D3-2A4A-EC85-6693FC4678FE}.Debug|x64.Build.0 = Debug|x64
		{1323C7D0-55D3-2A4A-EC85-6693FC4678FE}.Release(ZW)|Win32.ActiveCfg = Release(ZW)|Win32
		{1323C7D0-55D3-2A4A-EC85-6693FC4678FE}.Release(ZW)|Win32.Build.0 = Release(ZW)|Win32
		{1323C7D0-55D3-2A4A-EC85-6693FC4678FE}.Release(ZW)|x64.ActiveCfg = Release(ZW)|x64
		{1323C7D0-55D3-2A4A-EC85-6693FC4678FE}.Release(ZW)|x64.Build.0 = Release(ZW)|x64
		{1323C7D0-55D3-2A4A-EC85-6693FC4678FE}.Release|Win32.ActiveCfg = Release|Win32
		{1323C7D0-55D3-2A4A-EC85-6693FC4678FE}.Release|Win32.Build.0 = Release|Win32
		{1323C7D0-55D3-2A4A-EC85-6693FC4678FE}.Release|x64.ActiveCfg = Release|x64
		{1323C7D0-55D3-2A4A-EC85-6693FC4678FE}.Release|x64.Build.0 = Release|x64
		{035DCFC2-3BAD-4B6A-ADBC-90647A9675EB}.Debug(ZW)|Win32.ActiveCfg = Debug(ZW)|Win32
		{035DCFC2-3BAD-4B6A-ADBC-90647A9675EB}.Debug(ZW)|Win32.Build.0 = Debug(ZW)|Win32
		{035DCFC2-3BAD-4B6A-ADBC-90647A9675EB}.Debug(ZW)|x64.ActiveCfg = Debug(ZW)|x64
		{035DCFC2-3BAD-4B6A-ADBC-90647A9675EB}.Debug(ZW)|x64.Build.0 = Debug(ZW)|x64
		{035DCFC2-3BAD-4B6A-ADBC-90647A9675EB}.Debug|Win32.ActiveCfg = Debug|Win32
		{035DCFC2-3BAD-4B6A-ADBC-90647A9675EB}.Debug|Win32.Build.0 = Debug|Win32
		{035DCFC2-3BAD-4B6A-ADBC-90647A9675EB}.Debug|x64.ActiveCfg = Debug|x64
		{035DCFC2-3BAD-4B6A-ADBC-90647A9675EB}.Debug|x64.Build.0 = Debug|x64
		{035DCFC2-3BAD-4B6A-ADBC-90647A9675EB}.Release(ZW)|Win32.ActiveCfg = Release(ZW)|Win32
		{035DCFC2-3BAD-4B6A-ADBC-90647A9675EB}.Release(ZW)|Win32.Build.0 = Release(ZW)|Win32
		{035DCFC2-3BAD-4B6A-ADBC-90647A9675EB}.Release(ZW)|x64.ActiveCfg = Release(ZW)|x64
		{035DCFC2-3BAD-4B6A-ADBC-90647A9675EB}.Release(ZW)|x64.Build.0 = Release(ZW)|x64
		{035DCFC2-3BAD-4B6A-ADBC-90647A9675EB}.Release|Win32.ActiveCfg = Release|Win32
		{035DCFC2-3BAD-4B6A-ADBC-90647A9675EB}.Release|Win32.Build.0 = Release|Win32
		{035DCFC2-3BAD-4B6A-ADBC-90647A9675EB}.Release|x64.ActiveCfg = Release|x64
		{035DCFC2-3BAD-4B6A-ADBC-90647A9675EB}.Release|x64.Build.0 = Release|x64
		{F615A647-5914-4701-9BE2-B15DBDE54501}.Debug(ZW)|Win32.ActiveCfg = Debug(ZW)|Win32
		{F615A647-5914-4701-9BE2-B15DBDE54501}.Debug(ZW)|Win32.Build.0 = Debug(ZW)|Win32
		{F615A647-5914-4701-9BE2-B15DBDE54501}.Debug(ZW)|x64.ActiveCfg = Debug(ZW)|x64
		{F615A647-5914-4701-9BE2-B15DBDE54501}.Debug(ZW)|x64.Build.0 = Debug(ZW)|x64
		{F615A647-5914-4701-9BE2-B15DBDE54501}.Debug|Win32.ActiveCfg = Debug|Win32
		{F615A647-5914-4701-9BE2-B15DBDE54501}.Debug|Win32.Build.0 = Debug|Win32
		{F615A647-5914-4701-9BE2-B15DBDE54501}.Debug|x64.ActiveCfg = Debug|x64
		{F615A647-5914-4701-9BE2-B15DBDE54501}.Debug|x64.Build.0 = Debug|x64
		{F615A647-5914-4701-9BE2-B15DBDE54501}.Release(ZW)|Win32.ActiveCfg = Release(ZW)|Win32
		{F615A647-5914-4701-9BE2-B15DBDE54501}.Release(ZW)|Win32.Build.0 = Release(ZW)|Win32
		{F615A647-5914-4701-9BE2-B15DBDE54501}.Release(ZW)|x64.ActiveCfg = Release(ZW)|x64
		{F615A647-5914-4701-9BE2-B15DBDE54501}.Release(ZW)|x64.Build.0 = Release(ZW)|x64
		{F615A647-5914-4701-9BE2-B15DBDE54501}.Release|Win32.ActiveCfg = Release|Win32
		{F615A647-5914-4701-9BE2-B15DBDE54501}.Release|Win32.Build.0 = Release|Win32
		{F615A647-5914-4701-9BE2-B15DBDE54501}.Release|x64.ActiveCfg = Release|x64
		{F615A647-5914-4701-9BE2-B15DBDE54501}.Release|x64.Build.0 = Release|x64
		{FD75E829-FE31-4CEC-ACD3-294DAB75AE9F}.Debug(ZW)|Win32.ActiveCfg = Debug(ZW)|Win32
		{FD75E829-FE31-4CEC-ACD3-294DAB75AE9F}.Debug(ZW)|Win32.Build.0 = Debug(ZW)|Win32
		{FD75E829-FE31-4CEC-ACD3-294DAB75AE9F}.Debug(ZW)|x64.ActiveCfg = Debug(ZW)|x64
		{FD75E829-FE31-4CEC-ACD3-294DAB75AE9F}.Debug(ZW)|x64.Build.0 = Debug(ZW)|x64
		{FD75E829-FE31-4CEC-ACD3-294DAB75AE9F}.Debug|Win32.ActiveCfg = Debug|Win32
		{FD75E829-FE31-4CEC-ACD3-294DAB75AE9F}.Debug|Win32.Build.0 = Debug|Win32
		{FD75E829-FE31-4CEC-ACD3-294DAB75AE9F}.Debug|x64.ActiveCfg = Debug|x64
		{FD75E829-FE31-4CEC-ACD3-294DAB75AE9F}.Debug|x64.Build.0 = Debug|x64
		{FD75E829-FE31-4CEC-ACD3-294DAB75AE9F}.Release(ZW)|Win32.ActiveCfg = Release(ZW)|Win32
		{FD75E829-FE31-4CEC-ACD3-294DAB75AE9F}.Release(ZW)|Win32.Build.0 = Release(ZW)|Win32
		{FD75E829-FE31-4CEC-ACD3-294DAB75AE9F}.Release(ZW)|x64.ActiveCfg = Release(ZW)|x64
		{FD75E829-FE31-4CEC-ACD3-294DAB75AE9F}.Release(ZW)|x64.Build.0 = Release(ZW)|x64
		{FD75E829-FE31-4CEC-ACD3-294DAB75AE9F}.Release|Win32.ActiveCfg = Release|Win32
		{FD75E829-FE31-4CEC-ACD3-294DAB75AE9F}.Release|Win32.Build.0 = Release|Win32
		{FD75E829-FE31-4CEC-ACD3-294DAB75AE9F}.Release|x64.ActiveCfg = Release|x64
		{FD75E829-FE31-4CEC-ACD3-294DAB75AE9F}.Release|x64.Build.0 = Release|x64
		{9DC90974-58B8-4EC3-A9C5-96B10D0CD6A9}.Debug(ZW)|Win32.ActiveCfg = Debug|Win32
		{9DC90974-58B8-4EC3-A9C5-96B10D0CD6A9}.Debug(ZW)|x64.ActiveCfg = Debug|Win32
		{9DC90974-58B8-4EC3-A9C5-96B10D0CD6A9}.Debug|Win32.ActiveCfg = Debug|Win32
		{9DC90974-58B8-4EC3-A9C5-96B10D0CD6A9}.Debug|Win32.Build.0 = Debug|Win32
		{9DC90974-58B8-4EC3-A9C5-96B10D0CD6A9}.Debug|x64.ActiveCfg = Debug|x64
		{9DC90974-58B8-4EC3-A9C5-96B10D0CD6A9}.Debug|x64.Build.0 = Debug|x64
		{9DC90974-58B8-4EC3-A9C5-96B10D0CD6A9}.Release(ZW)|Win32.ActiveCfg = Debug|Win32
		{9DC90974-58B8-4EC3-A9C5-96B10D0CD6A9}.Release(ZW)|x64.ActiveCfg = Debug|Win32
		{9DC90974-58B8-4EC3-A9C5-96B10D0CD6A9}.Release|Win32.ActiveCfg = Release|Win32
		{9DC90974-58B8-4EC3-A9C5-96B10D0CD6A9}.Release|Win32.Build.0 = Release|Win32
		{9DC90974-58B8-4EC3-A9C5-96B10D0CD6A9}.Release|x64.ActiveCfg = Release|x64
		{9DC90974-58B8-4EC3-A9C5-96B10D0CD6A9}.Release|x64.Build.0 = Release|x64
		{C340A193-B0DC-45B2-8975-73081D1B6784}.Debug(ZW)|Win32.ActiveCfg = Debug(ZW)|Win32
		{C340A193-B0DC-45B2-8975-73081D1B6784}.Debug(ZW)|Win32.Build.0 = Debug(ZW)|Win32
		{C340A193-B0DC-45B2-8975-73081D1B6784}.Debug(ZW)|x64.ActiveCfg = Debug(ZW)|x64
		{C340A193-B0DC-45B2-8975-73081D1B6784}.Debug(ZW)|x64.Build.0 = Debug(ZW)|x64
		{C340A193-B0DC-45B2-8975-73081D1B6784}.Debug|Win32.ActiveCfg = Debug(ZW)|Win32
		{C340A193-B0DC-45B2-8975-73081D1B6784}.Debug|x64.ActiveCfg = Debug(ZW)|Win32
		{C340A193-B0DC-45B2-8975-73081D1B6784}.Release(ZW)|Win32.ActiveCfg = Release(ZW)|Win32
		{C340A193-B0DC-45B2-8975-73081D1B6784}.Release(ZW)|Win32.Build.0 = Release(ZW)|Win32
		{C340A193-B0DC-45B2-8975-73081D1B6784}.Release(ZW)|x64.ActiveCfg = Release(ZW)|x64
		{C340A193-B0DC-45B2-8975-73081D1B6784}.Release(ZW)|x64.Build.0 = Release(ZW)|x64
		{C340A193-B0DC-45B2-8975-73081D1B6784}.Release|Win32.ActiveCfg = Debug(ZW)|Win32
		{C340A193-B0DC-45B2-8975-73081D1B6784}.Release|x64.ActiveCfg = Debug(ZW)|Win32
		{AC48D420-43E1-4B79-A3CB-DDCE22ABC18C}.Debug(ZW)|Win32.ActiveCfg = Debug|Win32
		{AC48D420-43E1-4B79-A3CB-DDCE22ABC18C}.Debug(ZW)|x64.ActiveCfg = Debug|Win32
		{AC48D420-43E1-4B79-A3CB-DDCE22ABC18C}.Debug|Win32.ActiveCfg = Debug|Win32
		{AC48D420-43E1-4B79-A3CB-DDCE22ABC18C}.Debug|Win32.Build.0 = Debug|Win32
		{AC48D420-43E1-4B79-A3CB-DDCE22ABC18C}.Debug|x64.ActiveCfg = Debug|x64
		{AC48D420-43E1-4B79-A3CB-DDCE22ABC18C}.Debug|x64.Build.0 = Debug|x64
		{AC48D420-43E1-4B79-A3CB-DDCE22ABC18C}.Release(ZW)|Win32.ActiveCfg = Debug|Win32
		{AC48D420-43E1-4B79-A3CB-DDCE22ABC18C}.Release(ZW)|x64.ActiveCfg = Debug|Win32
		{AC48D420-43E1-4B79-A3CB-DDCE22ABC18C}.Release|Win32.ActiveCfg = Release|Win32
		{AC48D420-43E1-4B79-A3CB-DDCE22ABC18C}.Release|Win32.Build.0 = Release|Win32
		{AC48D420-43E1-4B79-A3CB-DDCE22ABC18C}.Release|x64.ActiveCfg = Release|x64
		{AC48D420-43E1-4B79-A3CB-DDCE22ABC18C}.Release|x64.Build.0 = Release|x64
		{669F5E76-3507-452F-B90B-88F045EC3E8D}.Debug(ZW)|Win32.ActiveCfg = Debug|Win32
		{669F5E76-3507-452F-B90B-88F045EC3E8D}.Debug(ZW)|x64.ActiveCfg = Debug|Win32
		{669F5E76-3507-452F-B90B-88F045EC3E8D}.Debug|Win32.ActiveCfg = Debug|Win32
		{669F5E76-3507-452F-B90B-88F045EC3E8D}.Debug|Win32.Build.0 = Debug|Win32
		{669F5E76-3507-452F-B90B-88F045EC3E8D}.Debug|x64.ActiveCfg = Debug|x64
		{669F5E76-3507-452F-B90B-88F045EC3E8D}.Debug|x64.Build.0 = Debug|x64
		{669F5E76-3507-452F-B90B-88F045EC3E8D}.Release(ZW)|Win32.ActiveCfg = Debug|Win32
		{669F5E76-3507-452F-B90B-88F045EC3E8D}.Release(ZW)|x64.ActiveCfg = Debug|Win32
		{669F5E76-3507-452F-B90B-88F045EC3E8D}.Release|Win32.ActiveCfg = Release|Win32
		{669F5E76-3507-452F-B90B-88F045EC3E8D}.Release|Win32.Build.0 = Release|Win32
		{669F5E76-3507-452F-B90B-88F045EC3E8D}.Release|x64.ActiveCfg = Release|x64
		{669F5E76-3507-452F-B90B-88F045EC3E8D}.Release|x64.Build.0 = Release|x64
		{89198B6F-CCAC-482D-8E55-C742E4A43214}.Debug(ZW)|Win32.ActiveCfg = Debug|Win32
		{89198B6F-CCAC-482D-8E55-C742E4A43214}.Debug(ZW)|x64.ActiveCfg = Debug|Win32
		{89198B6F-CCAC-482D-8E55-C742E4A43214}.Debug|Win32.ActiveCfg = Debug|Win32
		{89198B6F-CCAC-482D-8E55-C742E4A43214}.Debug|Win32.Build.0 = Debug|Win32
		{89198B6F-CCAC-482D-8E55-C742E4A43214}.Debug|x64.ActiveCfg = Debug|x64
		{89198B6F-CCAC-482D-8E55-C742E4A43214}.Debug|x64.Build.0 = Debug|x64
		{89198B6F-CCAC-482D-8E55-C742E4A43214}.Release(ZW)|Win32.ActiveCfg = Debug|Win32
		{89198B6F-CCAC-482D-8E55-C742E4A43214}.Release(ZW)|x64.ActiveCfg = Debug|Win32
		{89198B6F-CCAC-482D-8E55-C742E4A43214}.Release|Win32.ActiveCfg = Release|Win32
		{89198B6F-CCAC-482D-8E55-C742E4A43214}.Release|Win32.Build.0 = Release|Win32
		{89198B6F-CCAC-482D-8E55-C742E4A43214}.Release|x64.ActiveCfg = Release|x64
		{89198B6F-CCAC-482D-8E55-C742E4A43214}.Release|x64.Build.0 = Release|x64
		{599226A2-CED5-4AAB-B6AE-9B20EF469C6F}.Debug(ZW)|Win32.ActiveCfg = Debug|Win32
		{599226A2-CED5-4AAB-B6AE-9B20EF469C6F}.Debug(ZW)|x64.ActiveCfg = Debug|Win32
		{599226A2-CED5-4AAB-B6AE-9B20EF469C6F}.Debug|Win32.ActiveCfg = Debug|Win32
		{599226A2-CED5-4AAB-B6AE-9B20EF469C6F}.Debug|Win32.Build.0 = Debug|Win32
		{599226A2-CED5-4AAB-B6AE-9B20EF469C6F}.Debug|x64.ActiveCfg = Debug|x64
		{599226A2-CED5-4AAB-B6AE-9B20EF469C6F}.Debug|x64.Build.0 = Debug|x64
		{599226A2-CED5-4AAB-B6AE-9B20EF469C6F}.Release(ZW)|Win32.ActiveCfg = Debug|Win32
		{599226A2-CED5-4AAB-B6AE-9B20EF469C6F}.Release(ZW)|x64.ActiveCfg = Debug|Win32
		{599226A2-CED5-4AAB-B6AE-9B20EF469C6F}.Release|Win32.ActiveCfg = Release|Win32
		{599226A2-CED5-4AAB-B6AE-9B20EF469C6F}.Release|Win32.Build.0 = Release|Win32
		{599226A2-CED5-4AAB-B6AE-9B20EF469C6F}.Release|x64.ActiveCfg = Release|x64
		{599226A2-CED5-4AAB-B6AE-9B20EF469C6F}.Release|x64.Build.0 = Release|x64
		{2F515CF8-CE89-4192-B017-8227D21FCD54}.Debug(ZW)|Win32.ActiveCfg = Debug|Win32
		{2F515CF8-CE89-4192-B017-8227D21FCD54}.Debug(ZW)|x64.ActiveCfg = Debug|Win32
		{2F515CF8-CE89-4192-B017-8227D21FCD54}.Debug|Win32.ActiveCfg = Debug|Win32
		{2F515CF8-CE89-4192-B017-8227D21FCD54}.Debug|Win32.Build.0 = Debug|Win32
		{2F515CF8-CE89-4192-B017-8227D21FCD54}.Debug|x64.ActiveCfg = Debug|x64
		{2F515CF8-CE89-4192-B017-8227D21FCD54}.Debug|x64.Build.0 = Debug|x64
		{2F515CF8-CE89-4192-B017-8227D21FCD54}.Release(ZW)|Win32.ActiveCfg = Debug|Win32
		{2F515CF8-CE89-4192-B017-8227D21FCD54}.Release(ZW)|x64.ActiveCfg = Debug|Win32
		{2F515CF8-CE89-4192-B017-8227D21FCD54}.Release|Win32.ActiveCfg = Release|Win32
		{2F515CF8-CE89-4192-B017-8227D21FCD54}.Release|Win32.Build.0 = Release|Win32
		{2F515CF8-CE89-4192-B017-8227D21FCD54}.Release|x64.ActiveCfg = Release|x64
		{2F515CF8-CE89-4192-B017-8227D21FCD54}.Release|x64.Build.0 = Release|x64
		{5D28BCBF-82F0-4CEE-8471-3B486DDEB838}.Debug(ZW)|Win32.ActiveCfg = Debug(ZW)|Win32
		{5D28BCBF-82F0-4CEE-8471-3B486DDEB838}.Debug(ZW)|Win32.Build.0 = Debug(ZW)|Win32
		{5D28BCBF-82F0-4CEE-8471-3B486DDEB838}.Debug(ZW)|x64.ActiveCfg = Debug(ZW)|x64
		{5D28BCBF-82F0-4CEE-8471-3B486DDEB838}.Debug(ZW)|x64.Build.0 = Debug(ZW)|x64
		{5D28BCBF-82F0-4CEE-8471-3B486DDEB838}.Debug|Win32.ActiveCfg = Debug(ZW)|Win32
		{5D28BCBF-82F0-4CEE-8471-3B486DDEB838}.Debug|x64.ActiveCfg = Debug(ZW)|Win32
		{5D28BCBF-82F0-4CEE-8471-3B486DDEB838}.Release(ZW)|Win32.ActiveCfg = Release(ZW)|Win32
		{5D28BCBF-82F0-4CEE-8471-3B486DDEB838}.Release(ZW)|Win32.Build.0 = Release(ZW)|Win32
		{5D28BCBF-82F0-4CEE-8471-3B486DDEB838}.Release(ZW)|x64.ActiveCfg = Release(ZW)|x64
		{5D28BCBF-82F0-4CEE-8471-3B486DDEB838}.Release(ZW)|x64.Build.0 = Release(ZW)|x64
		{5D28BCBF-82F0-4CEE-8471-3B486DDEB838}.Release|Win32.ActiveCfg = Debug(ZW)|Win32
		{5D28BCBF-82F0-4CEE-8471-3B486DDEB838}.Release|x64.ActiveCfg = Debug(ZW)|Win32
		{2AB43027-E9CE-49B4-A08D-1A39C3F52E94}.Debug(ZW)|Win32.ActiveCfg = Debug|Win32
		{2AB43027-E9CE-49B4-A08D-1A39C3F52E94}.Debug(ZW)|x64.ActiveCfg = Debug|Win32
		{2AB43027-E9CE-49B4-A08D-1A39C3F52E94}.Debug|Win32.ActiveCfg = Debug|Win32
		{2AB43027-E9CE-49B4-A08D-1A39C3F52E94}.Debug|Win32.Build.0 = Debug|Win32
		{2AB43027-E9CE-49B4-A08D-1A39C3F52E94}.Debug|x64.ActiveCfg = Debug|x64
		{2AB43027-E9CE-49B4-A08D-1A39C3F52E94}.Debug|x64.Build.0 = Debug|x64
		{2AB43027-E9CE-49B4-A08D-1A39C3F52E94}.Release(ZW)|Win32.ActiveCfg = Debug|Win32
		{2AB43027-E9CE-49B4-A08D-1A39C3F52E94}.Release(ZW)|x64.ActiveCfg = Debug|Win32
		{2AB43027-E9CE-49B4-A08D-1A39C3F52E94}.Release|Win32.ActiveCfg = Release|Win32
		{2AB43027-E9CE-49B4-A08D-1A39C3F52E94}.Release|Win32.Build.0 = Release|Win32
		{2AB43027-E9CE-49B4-A08D-1A39C3F52E94}.Release|x64.ActiveCfg = Release|x64
		{2AB43027-E9CE-49B4-A08D-1A39C3F52E94}.Release|x64.Build.0 = Release|x64
		{D9E97E25-93C7-4CBB-9767-CDB6522B6EC8}.Debug(ZW)|Win32.ActiveCfg = Debug|Win32
		{D9E97E25-93C7-4CBB-9767-CDB6522B6EC8}.Debug(ZW)|x64.ActiveCfg = Debug|Win32
		{D9E97E25-93C7-4CBB-9767-CDB6522B6EC8}.Debug|Win32.ActiveCfg = Debug|Win32
		{D9E97E25-93C7-4CBB-9767-CDB6522B6EC8}.Debug|Win32.Build.0 = Debug|Win32
		{D9E97E25-93C7-4CBB-9767-CDB6522B6EC8}.Debug|x64.ActiveCfg = Debug|x64
		{D9E97E25-93C7-4CBB-9767-CDB6522B6EC8}.Debug|x64.Build.0 = Debug|x64
		{D9E97E25-93C7-4CBB-9767-CDB6522B6EC8}.Release(ZW)|Win32.ActiveCfg = Debug|Win32
		{D9E97E25-93C7-4CBB-9767-CDB6522B6EC8}.Release(ZW)|x64.ActiveCfg = Debug|Win32
		{D9E97E25-93C7-4CBB-9767-CDB6522B6EC8}.Release|Win32.ActiveCfg = Release|Win32
		{D9E97E25-93C7-4CBB-9767-CDB6522B6EC8}.Release|Win32.Build.0 = Release|Win32
		{D9E97E25-93C7-4CBB-9767-CDB6522B6EC8}.Release|x64.ActiveCfg = Release|x64
		{D9E97E25-93C7-4CBB-9767-CDB6522B6EC8}.Release|x64.Build.0 = Release|x64
		{11406F69-CF9E-4F61-B00C-6600A56B0A49}.Debug(ZW)|Win32.ActiveCfg = Debug(ZW)|Win32
		{11406F69-CF9E-4F61-B00C-6600A56B0A49}.Debug(ZW)|Win32.Build.0 = Debug(ZW)|Win32
		{11406F69-CF9E-4F61-B00C-6600A56B0A49}.Debug(ZW)|x64.ActiveCfg = Debug(ZW)|x64
		{11406F69-CF9E-4F61-B00C-6600A56B0A49}.Debug(ZW)|x64.Build.0 = Debug(ZW)|x64
		{11406F69-CF9E-4F61-B00C-6600A56B0A49}.Debug|Win32.ActiveCfg = Debug(ZW)|Win32
		{11406F69-CF9E-4F61-B00C-6600A56B0A49}.Debug|x64.ActiveCfg = Debug(ZW)|Win32
		{11406F69-CF9E-4F61-B00C-6600A56B0A49}.Release(ZW)|Win32.ActiveCfg = Release(ZW)|Win32
		{11406F69-CF9E-4F61-B00C-6600A56B0A49}.Release(ZW)|Win32.Build.0 = Release(ZW)|Win32
		{11406F69-CF9E-4F61-B00C-6600A56B0A49}.Release(ZW)|x64.ActiveCfg = Release(ZW)|x64
		{11406F69-CF9E-4F61-B00C-6600A56B0A49}.Release(ZW)|x64.Build.0 = Release(ZW)|x64
		{11406F69-CF9E-4F61-B00C-6600A56B0A49}.Release|Win32.ActiveCfg = Debug(ZW)|Win32
		{11406F69-CF9E-4F61-B00C-6600A56B0A49}.Release|x64.ActiveCfg = Debug(ZW)|Win32
		{FED56876-34E0-41E0-9C2B-B458648BBE5B}.Debug(ZW)|Win32.ActiveCfg = Debug(ZW)|Win32
		{FED56876-34E0-41E0-9C2B-B458648BBE5B}.Debug(ZW)|Win32.Build.0 = Debug(ZW)|Win32
		{FED56876-34E0-41E0-9C2B-B458648BBE5B}.Debug(ZW)|x64.ActiveCfg = Debug(ZW)|x64
		{FED56876-34E0-41E0-9C2B-B458648BBE5B}.Debug(ZW)|x64.Build.0 = Debug(ZW)|x64
		{FED56876-34E0-41E0-9C2B-B458648BBE5B}.Debug|Win32.ActiveCfg = Debug(ZW)|Win32
		{FED56876-34E0-41E0-9C2B-B458648BBE5B}.Debug|x64.ActiveCfg = Debug(ZW)|Win32
		{FED56876-34E0-41E0-9C2B-B458648BBE5B}.Release(ZW)|Win32.ActiveCfg = Release(ZW)|Win32
		{FED56876-34E0-41E0-9C2B-B458648BBE5B}.Release(ZW)|Win32.Build.0 = Release(ZW)|Win32
		{FED56876-34E0-41E0-9C2B-B458648BBE5B}.Release(ZW)|x64.ActiveCfg = Release(ZW)|x64
		{FED56876-34E0-41E0-9C2B-B458648BBE5B}.Release(ZW)|x64.Build.0 = Release(ZW)|x64
		{FED56876-34E0-41E0-9C2B-B458648BBE5B}.Release|Win32.ActiveCfg = Debug(ZW)|Win32
		{FED56876-34E0-41E0-9C2B-B458648BBE5B}.Release|x64.ActiveCfg = Debug(ZW)|Win32
	EndGlobalSection
	GlobalSection(SolutionProperties) = preSolution
		HideSolutionNode = FALSE
	EndGlobalSection
	GlobalSection(NestedProjects) = preSolution
		{53B02AFA-1600-49B3-BC8A-6949C77F74F4} = {BB8640F0-FDB0-F55E-56BB-1C475882E221}
		{035DCFC2-3BAD-4B6A-ADBC-90647A9675EB} = {BB8640F0-FDB0-F55E-56BB-1C475882E221}
		{F615A647-5914-4701-9BE2-B15DBDE54501} = {BB8640F0-FDB0-F55E-56BB-1C475882E221}
		{FD75E829-FE31-4CEC-ACD3-294DAB75AE9F} = {BB8640F0-FDB0-F55E-56BB-1C475882E221}
		{9DC90974-58B8-4EC3-A9C5-96B10D0CD6A9} = {96AB4D84-ED8B-9D3A-AF55-83114FCBCDCE}
		{C340A193-B0DC-45B2-8975-73081D1B6784} = {96AB4D84-ED8B-9D3A-AF55-83114FCBCDCE}
		{AC48D420-43E1-4B79-A3CB-DDCE22ABC18C} = {75C46C4B-1FF2-1022-2F61-D5E6482BBFEE}
		{669F5E76-3507-452F-B90B-88F045EC3E8D} = {75C46C4B-1FF2-1022-2F61-D5E6482BBFEE}
		{89198B6F-CCAC-482D-8E55-C742E4A43214} = {75C46C4B-1FF2-1022-2F61-D5E6482BBFEE}
		{599226A2-CED5-4AAB-B6AE-9B20EF469C6F} = {59CB65A6-51E3-DADC-42CE-5F2FC67979D6}
		{2F515CF8-CE89-4192-B017-8227D21FCD54} = {59CB65A6-51E3-DADC-42CE-5F2FC67979D6}
		{5D28BCBF-82F0-4CEE-8471-3B486DDEB838} = {59CB65A6-51E3-DADC-42CE-5F2FC67979D6}
		{2AB43027-E9CE-49B4-A08D-1A39C3F52E94} = {30FD8488-4ED6-F95C-7054-C14E8A217A1F}
		{D9E97E25-93C7-4CBB-9767-CDB6522B6EC8} = {30FD8488-4ED6-F95C-7054-C14E8A217A1F}
		{11406F69-CF9E-4F61-B00C-6600A56B0A49} = {AE18E7FB-15D5-8599-55E0-9904FC5B923B}
		{FED56876-34E0-41E0-9C2B-B458648BBE5B} = {AE18E7FB-15D5-8599-55E0-9904FC5B923B}
		{96AB4D84-ED8B-9D3A-AF55-83114FCBCDCE} = {D03FD104-6FAA-9701-CF2C-999019A607C3}
		{75C46C4B-1FF2-1022-2F61-D5E6482BBFEE} = {D03FD104-6FAA-9701-CF2C-999019A607C3}
		{59CB65A6-51E3-DADC-42CE-5F2FC67979D6} = {D03FD104-6FAA-9701-CF2C-999019A607C3}
	EndGlobalSection
EndGlobal
