
Microsoft Visual Studio Solution File, Format Version 12.00
# Visual Studio 11
Project("{8BC9CEB8-8B4A-11D0-8D11-00A0C91BC942}") = "CxxReflect", "CxxReflect\CxxReflect.vcxproj", "{64DC7DFF-D2E4-4086-BE24-02F0B9D71128}"
EndProject
Project("{8BC9CEB8-8B4A-11D0-8D11-00A0C91BC942}") = "UnitTests", "UnitTests\UnitTests.vcxproj", "{7C1FC03B-173F-40F5-8774-A69FECD19927}"
EndProject
Project("{FAE04EC0-301F-11D3-BF4B-00C04F79EFBC}") = "AssemblyDumpCS", "AssemblyDumpCS\AssemblyDumpCS.csproj", "{1AF4E75F-885B-43C0-B499-30AEA9F41B9F}"
EndProject
Project("{8BC9CEB8-8B4A-11D0-8D11-00A0C91BC942}") = "AssemblyDumpCPP", "AssemblyDumpCPP\AssemblyDumpCPP.vcxproj", "{9BF0F378-26C8-4169-825F-A0ECC00D1E2E}"
EndProject
Project("{2150E333-8FDC-42A3-9474-1A3956D46DE8}") = "Solution Items", "Solution Items", "{FF0B4992-AB90-42A3-AA05-74BF7EEA91F4}"
	ProjectSection(SolutionItems) = preProject
		LICENSE_1_0.txt = LICENSE_1_0.txt
		Performance1.psess = Performance1.psess
		PerformanceAnalysis.psess = PerformanceAnalysis.psess
		README.txt = README.txt
	EndProjectSection
EndProject
Project("{8BC9CEB8-8B4A-11D0-8D11-00A0C91BC942}") = "WinRTTestStub", "WinRTTestStub\WinRTTestStub.vcxproj", "{A5A0E898-6A87-4004-9771-691D8EAF6966}"
	ProjectSection(ProjectDependencies) = postProject
		{64DC7DFF-D2E4-4086-BE24-02F0B9D71128} = {64DC7DFF-D2E4-4086-BE24-02F0B9D71128}
	EndProjectSection
EndProject
Project("{8BC9CEB8-8B4A-11D0-8D11-00A0C91BC942}") = "WinRTXamlTestApplication", "WinRTXamlTestApplication\WinRTXamlTestApplication.vcxproj", "{1E87945A-62D5-42C6-BF56-8FD6F394BE63}"
EndProject
Project("{8BC9CEB8-8B4A-11D0-8D11-00A0C91BC942}") = "WinRTStub", "WinRTStub\WinRTStub.vcxproj", "{4F7F27FF-D783-482F-8290-1B365C39A3A7}"
EndProject
Project("{2150E333-8FDC-42A3-9474-1A3956D46DE8}") = "Test Projects", "Test Projects", "{85CFFE22-464D-46EE-9891-AA18F2ECBA38}"
EndProject
Global
	GlobalSection(SolutionConfigurationPlatforms) = preSolution
		Debug|ARM = Debug|ARM
		Debug|Any CPU = Debug|Any CPU
		Debug|Mixed Platforms = Debug|Mixed Platforms
		Debug|Win32 = Debug|Win32
		Debug|x64 = Debug|x64
		Profiling|ARM = Profiling|ARM
		Profiling|Any CPU = Profiling|Any CPU
		Profiling|Mixed Platforms = Profiling|Mixed Platforms
		Profiling|Win32 = Profiling|Win32
		Profiling|x64 = Profiling|x64
		Release|ARM = Release|ARM
		Release|Any CPU = Release|Any CPU
		Release|Mixed Platforms = Release|Mixed Platforms
		Release|Win32 = Release|Win32
		Release|x64 = Release|x64
	EndGlobalSection
	GlobalSection(ProjectConfigurationPlatforms) = postSolution
		{1AF4E75F-885B-43C0-B499-30AEA9F41B9F}.Debug|ARM.ActiveCfg = Debug|Any CPU
		{1AF4E75F-885B-43C0-B499-30AEA9F41B9F}.Debug|Any CPU.ActiveCfg = Debug|Any CPU
		{1AF4E75F-885B-43C0-B499-30AEA9F41B9F}.Debug|Any CPU.Build.0 = Debug|Any CPU
		{1AF4E75F-885B-43C0-B499-30AEA9F41B9F}.Debug|Mixed Platforms.ActiveCfg = Debug|Any CPU
		{1AF4E75F-885B-43C0-B499-30AEA9F41B9F}.Debug|Mixed Platforms.Build.0 = Debug|Any CPU
		{1AF4E75F-885B-43C0-B499-30AEA9F41B9F}.Debug|Win32.ActiveCfg = Debug|Any CPU
		{1AF4E75F-885B-43C0-B499-30AEA9F41B9F}.Debug|x64.ActiveCfg = Debug|Any CPU
		{1AF4E75F-885B-43C0-B499-30AEA9F41B9F}.Profiling|ARM.ActiveCfg = Profiling|Any CPU
		{1AF4E75F-885B-43C0-B499-30AEA9F41B9F}.Profiling|ARM.Build.0 = Profiling|Any CPU
		{1AF4E75F-885B-43C0-B499-30AEA9F41B9F}.Profiling|Any CPU.ActiveCfg = Profiling|Any CPU
		{1AF4E75F-885B-43C0-B499-30AEA9F41B9F}.Profiling|Any CPU.Build.0 = Profiling|Any CPU
		{1AF4E75F-885B-43C0-B499-30AEA9F41B9F}.Profiling|Mixed Platforms.ActiveCfg = Profiling|Any CPU
		{1AF4E75F-885B-43C0-B499-30AEA9F41B9F}.Profiling|Mixed Platforms.Build.0 = Profiling|Any CPU
		{1AF4E75F-885B-43C0-B499-30AEA9F41B9F}.Profiling|Win32.ActiveCfg = Profiling|Any CPU
		{1AF4E75F-885B-43C0-B499-30AEA9F41B9F}.Profiling|Win32.Build.0 = Profiling|Any CPU
		{1AF4E75F-885B-43C0-B499-30AEA9F41B9F}.Profiling|x64.ActiveCfg = Profiling|Any CPU
		{1AF4E75F-885B-43C0-B499-30AEA9F41B9F}.Profiling|x64.Build.0 = Profiling|Any CPU
		{1AF4E75F-885B-43C0-B499-30AEA9F41B9F}.Release|ARM.ActiveCfg = Release|Any CPU
		{1AF4E75F-885B-43C0-B499-30AEA9F41B9F}.Release|Any CPU.ActiveCfg = Release|Any CPU
		{1AF4E75F-885B-43C0-B499-30AEA9F41B9F}.Release|Any CPU.Build.0 = Release|Any CPU
		{1AF4E75F-885B-43C0-B499-30AEA9F41B9F}.Release|Mixed Platforms.ActiveCfg = Release|Any CPU
		{1AF4E75F-885B-43C0-B499-30AEA9F41B9F}.Release|Mixed Platforms.Build.0 = Release|Any CPU
		{1AF4E75F-885B-43C0-B499-30AEA9F41B9F}.Release|Win32.ActiveCfg = Release|Any CPU
		{1AF4E75F-885B-43C0-B499-30AEA9F41B9F}.Release|x64.ActiveCfg = Release|Any CPU
		{1E87945A-62D5-42C6-BF56-8FD6F394BE63}.Debug|ARM.ActiveCfg = Debug|ARM
		{1E87945A-62D5-42C6-BF56-8FD6F394BE63}.Debug|ARM.Build.0 = Debug|ARM
		{1E87945A-62D5-42C6-BF56-8FD6F394BE63}.Debug|ARM.Deploy.0 = Debug|ARM
		{1E87945A-62D5-42C6-BF56-8FD6F394BE63}.Debug|Any CPU.ActiveCfg = Debug|Win32
		{1E87945A-62D5-42C6-BF56-8FD6F394BE63}.Debug|Mixed Platforms.ActiveCfg = Debug|Win32
		{1E87945A-62D5-42C6-BF56-8FD6F394BE63}.Debug|Mixed Platforms.Build.0 = Debug|Win32
		{1E87945A-62D5-42C6-BF56-8FD6F394BE63}.Debug|Mixed Platforms.Deploy.0 = Debug|Win32
		{1E87945A-62D5-42C6-BF56-8FD6F394BE63}.Debug|Win32.ActiveCfg = Debug|Win32
		{1E87945A-62D5-42C6-BF56-8FD6F394BE63}.Debug|Win32.Build.0 = Debug|Win32
		{1E87945A-62D5-42C6-BF56-8FD6F394BE63}.Debug|Win32.Deploy.0 = Debug|Win32
		{1E87945A-62D5-42C6-BF56-8FD6F394BE63}.Debug|x64.ActiveCfg = Debug|x64
		{1E87945A-62D5-42C6-BF56-8FD6F394BE63}.Debug|x64.Build.0 = Debug|x64
		{1E87945A-62D5-42C6-BF56-8FD6F394BE63}.Debug|x64.Deploy.0 = Debug|x64
		{1E87945A-62D5-42C6-BF56-8FD6F394BE63}.Profiling|ARM.ActiveCfg = Release|x64
		{1E87945A-62D5-42C6-BF56-8FD6F394BE63}.Profiling|Any CPU.ActiveCfg = Release|x64
		{1E87945A-62D5-42C6-BF56-8FD6F394BE63}.Profiling|Mixed Platforms.ActiveCfg = Release|x64
		{1E87945A-62D5-42C6-BF56-8FD6F394BE63}.Profiling|Win32.ActiveCfg = Release|x64
		{1E87945A-62D5-42C6-BF56-8FD6F394BE63}.Profiling|x64.ActiveCfg = Release|x64
		{1E87945A-62D5-42C6-BF56-8FD6F394BE63}.Release|ARM.ActiveCfg = Release|ARM
		{1E87945A-62D5-42C6-BF56-8FD6F394BE63}.Release|ARM.Build.0 = Release|ARM
		{1E87945A-62D5-42C6-BF56-8FD6F394BE63}.Release|ARM.Deploy.0 = Release|ARM
		{1E87945A-62D5-42C6-BF56-8FD6F394BE63}.Release|Any CPU.ActiveCfg = Release|Win32
		{1E87945A-62D5-42C6-BF56-8FD6F394BE63}.Release|Mixed Platforms.ActiveCfg = Release|Win32
		{1E87945A-62D5-42C6-BF56-8FD6F394BE63}.Release|Mixed Platforms.Build.0 = Release|Win32
		{1E87945A-62D5-42C6-BF56-8FD6F394BE63}.Release|Mixed Platforms.Deploy.0 = Release|Win32
		{1E87945A-62D5-42C6-BF56-8FD6F394BE63}.Release|Win32.ActiveCfg = Release|Win32
		{1E87945A-62D5-42C6-BF56-8FD6F394BE63}.Release|Win32.Build.0 = Release|Win32
		{1E87945A-62D5-42C6-BF56-8FD6F394BE63}.Release|Win32.Deploy.0 = Release|Win32
		{1E87945A-62D5-42C6-BF56-8FD6F394BE63}.Release|x64.ActiveCfg = Release|x64
		{1E87945A-62D5-42C6-BF56-8FD6F394BE63}.Release|x64.Build.0 = Release|x64
		{1E87945A-62D5-42C6-BF56-8FD6F394BE63}.Release|x64.Deploy.0 = Release|x64
		{4F7F27FF-D783-482F-8290-1B365C39A3A7}.Debug|ARM.ActiveCfg = Debug|ARM
		{4F7F27FF-D783-482F-8290-1B365C39A3A7}.Debug|ARM.Build.0 = Debug|ARM
		{4F7F27FF-D783-482F-8290-1B365C39A3A7}.Debug|ARM.Deploy.0 = Debug|ARM
		{4F7F27FF-D783-482F-8290-1B365C39A3A7}.Debug|Any CPU.ActiveCfg = Debug|Win32
		{4F7F27FF-D783-482F-8290-1B365C39A3A7}.Debug|Mixed Platforms.ActiveCfg = Debug|Win32
		{4F7F27FF-D783-482F-8290-1B365C39A3A7}.Debug|Mixed Platforms.Build.0 = Debug|Win32
		{4F7F27FF-D783-482F-8290-1B365C39A3A7}.Debug|Mixed Platforms.Deploy.0 = Debug|Win32
		{4F7F27FF-D783-482F-8290-1B365C39A3A7}.Debug|Win32.ActiveCfg = Debug|Win32
		{4F7F27FF-D783-482F-8290-1B365C39A3A7}.Debug|Win32.Build.0 = Debug|Win32
		{4F7F27FF-D783-482F-8290-1B365C39A3A7}.Debug|Win32.Deploy.0 = Debug|Win32
		{4F7F27FF-D783-482F-8290-1B365C39A3A7}.Debug|x64.ActiveCfg = Debug|x64
		{4F7F27FF-D783-482F-8290-1B365C39A3A7}.Debug|x64.Build.0 = Debug|x64
		{4F7F27FF-D783-482F-8290-1B365C39A3A7}.Debug|x64.Deploy.0 = Debug|x64
		{4F7F27FF-D783-482F-8290-1B365C39A3A7}.Profiling|ARM.ActiveCfg = Release|x64
		{4F7F27FF-D783-482F-8290-1B365C39A3A7}.Profiling|Any CPU.ActiveCfg = Release|x64
		{4F7F27FF-D783-482F-8290-1B365C39A3A7}.Profiling|Mixed Platforms.ActiveCfg = Release|x64
		{4F7F27FF-D783-482F-8290-1B365C39A3A7}.Profiling|Win32.ActiveCfg = Release|x64
		{4F7F27FF-D783-482F-8290-1B365C39A3A7}.Profiling|x64.ActiveCfg = Release|x64
		{4F7F27FF-D783-482F-8290-1B365C39A3A7}.Release|ARM.ActiveCfg = Release|ARM
		{4F7F27FF-D783-482F-8290-1B365C39A3A7}.Release|ARM.Build.0 = Release|ARM
		{4F7F27FF-D783-482F-8290-1B365C39A3A7}.Release|ARM.Deploy.0 = Release|ARM
		{4F7F27FF-D783-482F-8290-1B365C39A3A7}.Release|Any CPU.ActiveCfg = Release|Win32
		{4F7F27FF-D783-482F-8290-1B365C39A3A7}.Release|Mixed Platforms.ActiveCfg = Release|Win32
		{4F7F27FF-D783-482F-8290-1B365C39A3A7}.Release|Mixed Platforms.Build.0 = Release|Win32
		{4F7F27FF-D783-482F-8290-1B365C39A3A7}.Release|Mixed Platforms.Deploy.0 = Release|Win32
		{4F7F27FF-D783-482F-8290-1B365C39A3A7}.Release|Win32.ActiveCfg = Release|Win32
		{4F7F27FF-D783-482F-8290-1B365C39A3A7}.Release|Win32.Build.0 = Release|Win32
		{4F7F27FF-D783-482F-8290-1B365C39A3A7}.Release|Win32.Deploy.0 = Release|Win32
		{4F7F27FF-D783-482F-8290-1B365C39A3A7}.Release|x64.ActiveCfg = Release|x64
		{4F7F27FF-D783-482F-8290-1B365C39A3A7}.Release|x64.Build.0 = Release|x64
		{4F7F27FF-D783-482F-8290-1B365C39A3A7}.Release|x64.Deploy.0 = Release|x64
		{64DC7DFF-D2E4-4086-BE24-02F0B9D71128}.Debug|ARM.ActiveCfg = Debug|Win32
		{64DC7DFF-D2E4-4086-BE24-02F0B9D71128}.Debug|Any CPU.ActiveCfg = Debug|Win32
		{64DC7DFF-D2E4-4086-BE24-02F0B9D71128}.Debug|Mixed Platforms.ActiveCfg = Debug|Win32
		{64DC7DFF-D2E4-4086-BE24-02F0B9D71128}.Debug|Mixed Platforms.Build.0 = Debug|Win32
		{64DC7DFF-D2E4-4086-BE24-02F0B9D71128}.Debug|Win32.ActiveCfg = Debug|Win32
		{64DC7DFF-D2E4-4086-BE24-02F0B9D71128}.Debug|Win32.Build.0 = Debug|Win32
		{64DC7DFF-D2E4-4086-BE24-02F0B9D71128}.Debug|x64.ActiveCfg = Debug|x64
		{64DC7DFF-D2E4-4086-BE24-02F0B9D71128}.Debug|x64.Build.0 = Debug|x64
		{64DC7DFF-D2E4-4086-BE24-02F0B9D71128}.Profiling|ARM.ActiveCfg = Profiling|ARM
		{64DC7DFF-D2E4-4086-BE24-02F0B9D71128}.Profiling|ARM.Build.0 = Profiling|ARM
		{64DC7DFF-D2E4-4086-BE24-02F0B9D71128}.Profiling|Any CPU.ActiveCfg = Profiling|Win32
		{64DC7DFF-D2E4-4086-BE24-02F0B9D71128}.Profiling|Any CPU.Build.0 = Profiling|Win32
		{64DC7DFF-D2E4-4086-BE24-02F0B9D71128}.Profiling|Mixed Platforms.ActiveCfg = Profiling|x64
		{64DC7DFF-D2E4-4086-BE24-02F0B9D71128}.Profiling|Mixed Platforms.Build.0 = Profiling|x64
		{64DC7DFF-D2E4-4086-BE24-02F0B9D71128}.Profiling|Win32.ActiveCfg = Profiling|Win32
		{64DC7DFF-D2E4-4086-BE24-02F0B9D71128}.Profiling|Win32.Build.0 = Profiling|Win32
		{64DC7DFF-D2E4-4086-BE24-02F0B9D71128}.Profiling|x64.ActiveCfg = Profiling|x64
		{64DC7DFF-D2E4-4086-BE24-02F0B9D71128}.Profiling|x64.Build.0 = Profiling|x64
		{64DC7DFF-D2E4-4086-BE24-02F0B9D71128}.Release|ARM.ActiveCfg = Release|Win32
		{64DC7DFF-D2E4-4086-BE24-02F0B9D71128}.Release|Any CPU.ActiveCfg = Release|Win32
		{64DC7DFF-D2E4-4086-BE24-02F0B9D71128}.Release|Mixed Platforms.ActiveCfg = Release|Win32
		{64DC7DFF-D2E4-4086-BE24-02F0B9D71128}.Release|Mixed Platforms.Build.0 = Release|Win32
		{64DC7DFF-D2E4-4086-BE24-02F0B9D71128}.Release|Win32.ActiveCfg = Release|Win32
		{64DC7DFF-D2E4-4086-BE24-02F0B9D71128}.Release|Win32.Build.0 = Release|Win32
		{64DC7DFF-D2E4-4086-BE24-02F0B9D71128}.Release|x64.ActiveCfg = Release|x64
		{64DC7DFF-D2E4-4086-BE24-02F0B9D71128}.Release|x64.Build.0 = Release|x64
		{7C1FC03B-173F-40F5-8774-A69FECD19927}.Debug|ARM.ActiveCfg = Debug|Win32
		{7C1FC03B-173F-40F5-8774-A69FECD19927}.Debug|Any CPU.ActiveCfg = Debug|Win32
		{7C1FC03B-173F-40F5-8774-A69FECD19927}.Debug|Mixed Platforms.ActiveCfg = Debug|Win32
		{7C1FC03B-173F-40F5-8774-A69FECD19927}.Debug|Mixed Platforms.Build.0 = Debug|Win32
		{7C1FC03B-173F-40F5-8774-A69FECD19927}.Debug|Win32.ActiveCfg = Debug|Win32
		{7C1FC03B-173F-40F5-8774-A69FECD19927}.Debug|Win32.Build.0 = Debug|Win32
		{7C1FC03B-173F-40F5-8774-A69FECD19927}.Debug|x64.ActiveCfg = Debug|Win32
		{7C1FC03B-173F-40F5-8774-A69FECD19927}.Profiling|ARM.ActiveCfg = Profiling|ARM
		{7C1FC03B-173F-40F5-8774-A69FECD19927}.Profiling|ARM.Build.0 = Profiling|ARM
		{7C1FC03B-173F-40F5-8774-A69FECD19927}.Profiling|Any CPU.ActiveCfg = Profiling|Win32
		{7C1FC03B-173F-40F5-8774-A69FECD19927}.Profiling|Any CPU.Build.0 = Profiling|Win32
		{7C1FC03B-173F-40F5-8774-A69FECD19927}.Profiling|Mixed Platforms.ActiveCfg = Profiling|x64
		{7C1FC03B-173F-40F5-8774-A69FECD19927}.Profiling|Mixed Platforms.Build.0 = Profiling|x64
		{7C1FC03B-173F-40F5-8774-A69FECD19927}.Profiling|Win32.ActiveCfg = Profiling|Win32
		{7C1FC03B-173F-40F5-8774-A69FECD19927}.Profiling|Win32.Build.0 = Profiling|Win32
		{7C1FC03B-173F-40F5-8774-A69FECD19927}.Profiling|x64.ActiveCfg = Profiling|x64
		{7C1FC03B-173F-40F5-8774-A69FECD19927}.Profiling|x64.Build.0 = Profiling|x64
		{7C1FC03B-173F-40F5-8774-A69FECD19927}.Release|ARM.ActiveCfg = Release|Win32
		{7C1FC03B-173F-40F5-8774-A69FECD19927}.Release|Any CPU.ActiveCfg = Release|Win32
		{7C1FC03B-173F-40F5-8774-A69FECD19927}.Release|Mixed Platforms.ActiveCfg = Release|Win32
		{7C1FC03B-173F-40F5-8774-A69FECD19927}.Release|Mixed Platforms.Build.0 = Release|Win32
		{7C1FC03B-173F-40F5-8774-A69FECD19927}.Release|Win32.ActiveCfg = Release|Win32
		{7C1FC03B-173F-40F5-8774-A69FECD19927}.Release|Win32.Build.0 = Release|Win32
		{7C1FC03B-173F-40F5-8774-A69FECD19927}.Release|x64.ActiveCfg = Release|Win32
		{9BF0F378-26C8-4169-825F-A0ECC00D1E2E}.Debug|ARM.ActiveCfg = Debug|Win32
		{9BF0F378-26C8-4169-825F-A0ECC00D1E2E}.Debug|Any CPU.ActiveCfg = Debug|Win32
		{9BF0F378-26C8-4169-825F-A0ECC00D1E2E}.Debug|Mixed Platforms.ActiveCfg = Debug|Win32
		{9BF0F378-26C8-4169-825F-A0ECC00D1E2E}.Debug|Mixed Platforms.Build.0 = Debug|Win32
		{9BF0F378-26C8-4169-825F-A0ECC00D1E2E}.Debug|Win32.ActiveCfg = Debug|Win32
		{9BF0F378-26C8-4169-825F-A0ECC00D1E2E}.Debug|Win32.Build.0 = Debug|Win32
		{9BF0F378-26C8-4169-825F-A0ECC00D1E2E}.Debug|x64.ActiveCfg = Debug|Win32
		{9BF0F378-26C8-4169-825F-A0ECC00D1E2E}.Profiling|ARM.ActiveCfg = Profiling|ARM
		{9BF0F378-26C8-4169-825F-A0ECC00D1E2E}.Profiling|ARM.Build.0 = Profiling|ARM
		{9BF0F378-26C8-4169-825F-A0ECC00D1E2E}.Profiling|Any CPU.ActiveCfg = Profiling|Win32
		{9BF0F378-26C8-4169-825F-A0ECC00D1E2E}.Profiling|Any CPU.Build.0 = Profiling|Win32
		{9BF0F378-26C8-4169-825F-A0ECC00D1E2E}.Profiling|Mixed Platforms.ActiveCfg = Profiling|x64
		{9BF0F378-26C8-4169-825F-A0ECC00D1E2E}.Profiling|Mixed Platforms.Build.0 = Profiling|x64
		{9BF0F378-26C8-4169-825F-A0ECC00D1E2E}.Profiling|Win32.ActiveCfg = Profiling|Win32
		{9BF0F378-26C8-4169-825F-A0ECC00D1E2E}.Profiling|Win32.Build.0 = Profiling|Win32
		{9BF0F378-26C8-4169-825F-A0ECC00D1E2E}.Profiling|x64.ActiveCfg = Profiling|x64
		{9BF0F378-26C8-4169-825F-A0ECC00D1E2E}.Profiling|x64.Build.0 = Profiling|x64
		{9BF0F378-26C8-4169-825F-A0ECC00D1E2E}.Release|ARM.ActiveCfg = Release|Win32
		{9BF0F378-26C8-4169-825F-A0ECC00D1E2E}.Release|Any CPU.ActiveCfg = Release|Win32
		{9BF0F378-26C8-4169-825F-A0ECC00D1E2E}.Release|Mixed Platforms.ActiveCfg = Release|Win32
		{9BF0F378-26C8-4169-825F-A0ECC00D1E2E}.Release|Mixed Platforms.Build.0 = Release|Win32
		{9BF0F378-26C8-4169-825F-A0ECC00D1E2E}.Release|Win32.ActiveCfg = Release|Win32
		{9BF0F378-26C8-4169-825F-A0ECC00D1E2E}.Release|Win32.Build.0 = Release|Win32
		{9BF0F378-26C8-4169-825F-A0ECC00D1E2E}.Release|x64.ActiveCfg = Release|Win32
		{A5A0E898-6A87-4004-9771-691D8EAF6966}.Debug|ARM.ActiveCfg = Debug|ARM
		{A5A0E898-6A87-4004-9771-691D8EAF6966}.Debug|ARM.Build.0 = Debug|ARM
		{A5A0E898-6A87-4004-9771-691D8EAF6966}.Debug|ARM.Deploy.0 = Debug|ARM
		{A5A0E898-6A87-4004-9771-691D8EAF6966}.Debug|Any CPU.ActiveCfg = Debug|Win32
		{A5A0E898-6A87-4004-9771-691D8EAF6966}.Debug|Mixed Platforms.ActiveCfg = Debug|Win32
		{A5A0E898-6A87-4004-9771-691D8EAF6966}.Debug|Mixed Platforms.Build.0 = Debug|Win32
		{A5A0E898-6A87-4004-9771-691D8EAF6966}.Debug|Mixed Platforms.Deploy.0 = Debug|Win32
		{A5A0E898-6A87-4004-9771-691D8EAF6966}.Debug|Win32.ActiveCfg = Debug|Win32
		{A5A0E898-6A87-4004-9771-691D8EAF6966}.Debug|Win32.Build.0 = Debug|Win32
		{A5A0E898-6A87-4004-9771-691D8EAF6966}.Debug|Win32.Deploy.0 = Debug|Win32
		{A5A0E898-6A87-4004-9771-691D8EAF6966}.Debug|x64.ActiveCfg = Debug|x64
		{A5A0E898-6A87-4004-9771-691D8EAF6966}.Debug|x64.Build.0 = Debug|x64
		{A5A0E898-6A87-4004-9771-691D8EAF6966}.Debug|x64.Deploy.0 = Debug|x64
		{A5A0E898-6A87-4004-9771-691D8EAF6966}.Profiling|ARM.ActiveCfg = Release|x64
		{A5A0E898-6A87-4004-9771-691D8EAF6966}.Profiling|Any CPU.ActiveCfg = Release|x64
		{A5A0E898-6A87-4004-9771-691D8EAF6966}.Profiling|Mixed Platforms.ActiveCfg = Release|x64
		{A5A0E898-6A87-4004-9771-691D8EAF6966}.Profiling|Win32.ActiveCfg = Release|x64
		{A5A0E898-6A87-4004-9771-691D8EAF6966}.Profiling|x64.ActiveCfg = Release|x64
		{A5A0E898-6A87-4004-9771-691D8EAF6966}.Release|ARM.ActiveCfg = Release|ARM
		{A5A0E898-6A87-4004-9771-691D8EAF6966}.Release|ARM.Build.0 = Release|ARM
		{A5A0E898-6A87-4004-9771-691D8EAF6966}.Release|ARM.Deploy.0 = Release|ARM
		{A5A0E898-6A87-4004-9771-691D8EAF6966}.Release|Any CPU.ActiveCfg = Release|Win32
		{A5A0E898-6A87-4004-9771-691D8EAF6966}.Release|Mixed Platforms.ActiveCfg = Release|Win32
		{A5A0E898-6A87-4004-9771-691D8EAF6966}.Release|Mixed Platforms.Build.0 = Release|Win32
		{A5A0E898-6A87-4004-9771-691D8EAF6966}.Release|Mixed Platforms.Deploy.0 = Release|Win32
		{A5A0E898-6A87-4004-9771-691D8EAF6966}.Release|Win32.ActiveCfg = Release|Win32
		{A5A0E898-6A87-4004-9771-691D8EAF6966}.Release|Win32.Build.0 = Release|Win32
		{A5A0E898-6A87-4004-9771-691D8EAF6966}.Release|Win32.Deploy.0 = Release|Win32
		{A5A0E898-6A87-4004-9771-691D8EAF6966}.Release|x64.ActiveCfg = Release|x64
		{A5A0E898-6A87-4004-9771-691D8EAF6966}.Release|x64.Build.0 = Release|x64
		{A5A0E898-6A87-4004-9771-691D8EAF6966}.Release|x64.Deploy.0 = Release|x64
	EndGlobalSection
	GlobalSection(SolutionProperties) = preSolution
		HideSolutionNode = FALSE
	EndGlobalSection
	GlobalSection(NestedProjects) = preSolution
		{1AF4E75F-885B-43C0-B499-30AEA9F41B9F} = {85CFFE22-464D-46EE-9891-AA18F2ECBA38}
		{1E87945A-62D5-42C6-BF56-8FD6F394BE63} = {85CFFE22-464D-46EE-9891-AA18F2ECBA38}
		{4F7F27FF-D783-482F-8290-1B365C39A3A7} = {85CFFE22-464D-46EE-9891-AA18F2ECBA38}
		{7C1FC03B-173F-40F5-8774-A69FECD19927} = {85CFFE22-464D-46EE-9891-AA18F2ECBA38}
		{9BF0F378-26C8-4169-825F-A0ECC00D1E2E} = {85CFFE22-464D-46EE-9891-AA18F2ECBA38}
		{A5A0E898-6A87-4004-9771-691D8EAF6966} = {85CFFE22-464D-46EE-9891-AA18F2ECBA38}
	EndGlobalSection
EndGlobal
