<?xml version="1.0" encoding="utf-8"?>
<Project ToolsVersion="4.0" xmlns="http://schemas.microsoft.com/developer/msbuild/2003">
  <ItemGroup>
    <Filter Include="Assets">
      <UniqueIdentifier>f257be2a-9972-4802-8d7d-fc5ffefc4bcc</UniqueIdentifier>
    </Filter>
    <Image Include="Assets\Logo.png">
      <Filter>Assets</Filter>
    </Image>
    <Image Include="Assets\SmallLogo.png">
      <Filter>Assets</Filter>
    </Image>
    <Image Include="Assets\StoreLogo.png">
      <Filter>Assets</Filter>
    </Image>
    <Image Include="Assets\SplashScreen.png">
      <Filter>Assets</Filter>
    </Image>
    <Filter Include="windows_runtime">
      <UniqueIdentifier>{aea1e369-e64a-4c2a-8672-0b123e3b4460}</UniqueIdentifier>
    </Filter>
  </ItemGroup>
  <ItemGroup>
    <ClCompile Include="main.cpp" />
    <ClCompile Include="windows_runtime\basic_alpha_instantiation.cpp">
      <Filter>windows_runtime</Filter>
    </ClCompile>
    <ClCompile Include="windows_runtime\basic_alpha_enumerations.cpp">
      <Filter>windows_runtime</Filter>
    </ClCompile>
  </ItemGroup>
  <ItemGroup>
    <AppxManifest Include="Package.appxmanifest" />
  </ItemGroup>
  <ItemGroup>
    <None Include="unit_tests_winrt_TemporaryKey.pfx" />
  </ItemGroup>
</Project>