<?xml version="1.0" encoding="utf-8"?>
<Project ToolsVersion="4.0" xmlns="http://schemas.microsoft.com/developer/msbuild/2003">
  <ItemGroup>
    <ClCompile Include="Assembly.cpp">
      <Filter>Sources</Filter>
    </ClCompile>
    <ClCompile Include="AssemblyName.cpp">
      <Filter>Sources</Filter>
    </ClCompile>
    <ClCompile Include="CustomAttribute.cpp">
      <Filter>Sources</Filter>
    </ClCompile>
    <ClCompile Include="Guid.cpp">
      <Filter>Sources</Filter>
    </ClCompile>
    <ClCompile Include="MetadataDatabase.cpp">
      <Filter>Sources</Filter>
    </ClCompile>
    <ClCompile Include="MetadataLoader.cpp">
      <Filter>Sources</Filter>
    </ClCompile>
    <ClCompile Include="PlatformWin32.cpp">
      <Filter>Sources</Filter>
    </ClCompile>
    <ClCompile Include="Type.cpp">
      <Filter>Sources</Filter>
    </ClCompile>
    <ClCompile Include="Utility.cpp">
      <Filter>Sources</Filter>
    </ClCompile>
  </ItemGroup>
  <ItemGroup>
    <ClInclude Include="Assembly.hpp">
      <Filter>Headers</Filter>
    </ClInclude>
    <ClInclude Include="AssemblyName.hpp">
      <Filter>Headers</Filter>
    </ClInclude>
    <ClInclude Include="BlobMetadata.hpp">
      <Filter>Headers</Filter>
    </ClInclude>
    <ClInclude Include="CorEnumIterator.hpp">
      <Filter>Headers</Filter>
    </ClInclude>
    <ClInclude Include="CustomAttribute.hpp">
      <Filter>Headers</Filter>
    </ClInclude>
    <ClInclude Include="CxxReflect.hpp">
      <Filter>Headers</Filter>
    </ClInclude>
    <ClInclude Include="Event.hpp">
      <Filter>Headers</Filter>
    </ClInclude>
    <ClInclude Include="Exceptions.hpp">
      <Filter>Headers</Filter>
    </ClInclude>
    <ClInclude Include="Field.hpp">
      <Filter>Headers</Filter>
    </ClInclude>
    <ClInclude Include="Guid.hpp">
      <Filter>Headers</Filter>
    </ClInclude>
    <ClInclude Include="MetadataDatabase.hpp">
      <Filter>Headers</Filter>
    </ClInclude>
    <ClInclude Include="Method.hpp">
      <Filter>Headers</Filter>
    </ClInclude>
    <ClInclude Include="Parameter.hpp">
      <Filter>Headers</Filter>
    </ClInclude>
    <ClInclude Include="Property.hpp">
      <Filter>Headers</Filter>
    </ClInclude>
    <ClInclude Include="Type.hpp">
      <Filter>Headers</Filter>
    </ClInclude>
    <ClInclude Include="Utility.hpp">
      <Filter>Headers</Filter>
    </ClInclude>
    <ClInclude Include="CoreDeclarations.hpp" />
    <ClInclude Include="Platform.hpp">
      <Filter>Headers</Filter>
    </ClInclude>
    <ClInclude Include="Core.hpp">
      <Filter>Headers</Filter>
    </ClInclude>
    <ClInclude Include="MetadataLoader.hpp">
      <Filter>Headers</Filter>
    </ClInclude>
  </ItemGroup>
  <ItemGroup>
    <Filter Include="Headers">
      <UniqueIdentifier>{df41907a-321d-4c18-8bb8-6d443acde6a8}</UniqueIdentifier>
    </Filter>
    <Filter Include="Sources">
      <UniqueIdentifier>{21a358cf-7e9e-4215-851a-6e982b685c52}</UniqueIdentifier>
    </Filter>
  </ItemGroup>
</Project>