<?xml version="1.0" encoding="utf-8"?>
<Project ToolsVersion="4.0" xmlns="http://schemas.microsoft.com/developer/msbuild/2003">
  <ItemGroup>
    <CustomBuild Include="*Embedded.il">
      <Filter>Assemblies\Generated</Filter>
    </CustomBuild>
    <ClCompile Include="MetadataDatabase.cpp">
      <Filter>Sources\Metadata</Filter>
    </ClCompile>
    <ClCompile Include="MetadataSignature.cpp">
      <Filter>Sources\Metadata</Filter>
    </ClCompile>
    <ClCompile Include="Assembly.cpp">
      <Filter>Sources\Interface</Filter>
    </ClCompile>
    <ClCompile Include="AssemblyName.cpp">
      <Filter>Sources\Interface</Filter>
    </ClCompile>
    <ClCompile Include="CustomAttribute.cpp">
      <Filter>Sources\Interface</Filter>
    </ClCompile>
    <ClCompile Include="Event.cpp">
      <Filter>Sources\Interface</Filter>
    </ClCompile>
    <ClCompile Include="Field.cpp">
      <Filter>Sources\Interface</Filter>
    </ClCompile>
    <ClCompile Include="File.cpp">
      <Filter>Sources\Interface</Filter>
    </ClCompile>
    <ClCompile Include="Method.cpp">
      <Filter>Sources\Interface</Filter>
    </ClCompile>
    <ClCompile Include="Parameter.cpp">
      <Filter>Sources\Interface</Filter>
    </ClCompile>
    <ClCompile Include="Property.cpp">
      <Filter>Sources\Interface</Filter>
    </ClCompile>
    <ClCompile Include="Type.cpp">
      <Filter>Sources\Interface</Filter>
    </ClCompile>
    <ClCompile Include="Loader.cpp">
      <Filter>Sources\Interface</Filter>
    </ClCompile>
    <ClCompile Include="ExternalFunctions.cpp">
      <Filter>Sources\Core</Filter>
    </ClCompile>
    <ClCompile Include="MetadataCommon.cpp">
      <Filter>Sources\Metadata</Filter>
    </ClCompile>
    <ClCompile Include="CoreComponents.cpp">
      <Filter>Sources\Core</Filter>
    </ClCompile>
    <ClCompile Include="ElementContexts.cpp">
      <Filter>Sources\Core</Filter>
    </ClCompile>
    <ClCompile Include="WindowsRuntimeInvocation.cpp">
      <Filter>Sources\WindowsRuntime</Filter>
    </ClCompile>
    <ClCompile Include="WindowsRuntimeUtility.cpp">
      <Filter>Sources\WindowsRuntime</Filter>
    </ClCompile>
    <ClCompile Include="WindowsRuntimeCommon.cpp">
      <Filter>Sources\WindowsRuntime</Filter>
    </ClCompile>
    <ClCompile Include="WindowsRuntimeLoader.cpp">
      <Filter>Sources\WindowsRuntime</Filter>
    </ClCompile>
    <ClCompile Include="Guid.cpp">
      <Filter>Sources\Interface</Filter>
    </ClCompile>
    <ClCompile Include="PrecompiledHeaders.cpp">
      <Filter>Sources\Core</Filter>
    </ClCompile>
    <ClCompile Include="WindowsRuntimeInspection.cpp">
      <Filter>Sources\WindowsRuntime</Filter>
    </ClCompile>
    <ClCompile Include="FundamentalUtilities.cpp">
      <Filter>Sources\Core</Filter>
    </ClCompile>
    <CustomBuild Include="CliTypeSystemSupport.il">
      <Filter>Assemblies</Filter>
    </CustomBuild>
    <CustomBuild Include="WindowsRuntimeTypeSystemSupport.il">
      <Filter>Assemblies</Filter>
    </CustomBuild>
  </ItemGroup>
  <ItemGroup>
    <ClInclude Include="CxxReflect.hpp">
      <Filter>Headers</Filter>
    </ClInclude>
    <ClInclude Include="Event.hpp">
      <Filter>Headers\Interface</Filter>
    </ClInclude>
    <ClInclude Include="Field.hpp">
      <Filter>Headers\Interface</Filter>
    </ClInclude>
    <ClInclude Include="File.hpp">
      <Filter>Headers\Interface</Filter>
    </ClInclude>
    <ClInclude Include="Method.hpp">
      <Filter>Headers\Interface</Filter>
    </ClInclude>
    <ClInclude Include="Module.hpp">
      <Filter>Headers\Interface</Filter>
    </ClInclude>
    <ClInclude Include="Parameter.hpp">
      <Filter>Headers\Interface</Filter>
    </ClInclude>
    <ClInclude Include="Property.hpp">
      <Filter>Headers\Interface</Filter>
    </ClInclude>
    <ClInclude Include="Type.hpp">
      <Filter>Headers\Interface</Filter>
    </ClInclude>
    <ClInclude Include="MetadataDatabase.hpp">
      <Filter>Headers\Metadata</Filter>
    </ClInclude>
    <ClInclude Include="MetadataSignature.hpp">
      <Filter>Headers\Metadata</Filter>
    </ClInclude>
    <ClInclude Include="CustomAttribute.hpp">
      <Filter>Headers\Interface</Filter>
    </ClInclude>
    <ClInclude Include="AssemblyName.hpp">
      <Filter>Headers\Interface</Filter>
    </ClInclude>
    <ClInclude Include="StandardLibrary.hpp">
      <Filter>Headers\Core</Filter>
    </ClInclude>
    <ClInclude Include="Configuration.hpp">
      <Filter>Headers\Core</Filter>
    </ClInclude>
    <ClInclude Include="MetadataCommon.hpp">
      <Filter>Headers\Metadata</Filter>
    </ClInclude>
    <ClInclude Include="Loader.hpp">
      <Filter>Headers\Interface</Filter>
    </ClInclude>
    <ClInclude Include="ExternalFunctions.hpp">
      <Filter>Headers\Core</Filter>
    </ClInclude>
    <ClInclude Include="CoreComponents.hpp">
      <Filter>Headers\Core</Filter>
    </ClInclude>
    <ClInclude Include="Assembly.hpp">
      <Filter>Headers\Interface</Filter>
    </ClInclude>
    <ClInclude Include="ElementContexts.hpp">
      <Filter>Headers\Core</Filter>
    </ClInclude>
    <ClInclude Include="WindowsRuntimeInvocation.hpp">
      <Filter>Headers\WindowsRuntime</Filter>
    </ClInclude>
    <ClInclude Include="WindowsRuntimeCommon.hpp">
      <Filter>Headers\WindowsRuntime</Filter>
    </ClInclude>
    <ClInclude Include="WindowsRuntimeUtility.hpp">
      <Filter>Headers\WindowsRuntime</Filter>
    </ClInclude>
    <ClInclude Include="WindowsRuntimeInspection.hpp">
      <Filter>Headers\WindowsRuntime</Filter>
    </ClInclude>
    <ClInclude Include="WindowsRuntimeLoader.hpp">
      <Filter>Headers\WindowsRuntime</Filter>
    </ClInclude>
    <ClInclude Include="Guid.hpp">
      <Filter>Headers\Interface</Filter>
    </ClInclude>
    <ClInclude Include="PrecompiledHeaders.hpp">
      <Filter>Headers\Core</Filter>
    </ClInclude>
    <ClInclude Include="FundamentalUtilities.hpp">
      <Filter>Headers\Core</Filter>
    </ClInclude>
    <ClInclude Include="Constant.hpp">
      <Filter>Headers\Interface</Filter>
    </ClInclude>
    <ClInclude Include="DocumentationGettingStarted.hpp">
      <Filter>Headers\Documentation</Filter>
    </ClInclude>
  </ItemGroup>
  <ItemGroup>
    <Filter Include="Headers">
      <UniqueIdentifier>{df41907a-321d-4c18-8bb8-6d443acde6a8}</UniqueIdentifier>
    </Filter>
    <Filter Include="Sources">
      <UniqueIdentifier>{21a358cf-7e9e-4215-851a-6e982b685c52}</UniqueIdentifier>
    </Filter>
    <Filter Include="Headers\Interface">
      <UniqueIdentifier>{e93ab509-e3e9-49c0-918b-d3b24664a85a}</UniqueIdentifier>
    </Filter>
    <Filter Include="Headers\Metadata">
      <UniqueIdentifier>{0b2e965e-43ad-4104-80d4-7ed867a59458}</UniqueIdentifier>
    </Filter>
    <Filter Include="Headers\Core">
      <UniqueIdentifier>{0b82422c-1fa9-4e7f-8638-f9476c12048a}</UniqueIdentifier>
    </Filter>
    <Filter Include="Sources\Interface">
      <UniqueIdentifier>{88ca1587-0def-4831-bae3-2ab59ce19731}</UniqueIdentifier>
    </Filter>
    <Filter Include="Sources\Metadata">
      <UniqueIdentifier>{499cafe6-89c6-40be-abcb-70dea6cead3f}</UniqueIdentifier>
    </Filter>
    <Filter Include="Sources\Core">
      <UniqueIdentifier>{a732485e-fad7-44dd-889c-a5313e86850e}</UniqueIdentifier>
    </Filter>
    <Filter Include="Headers\WindowsRuntime">
      <UniqueIdentifier>{66486382-93c7-49de-b4d4-db03780ca104}</UniqueIdentifier>
    </Filter>
    <Filter Include="Sources\WindowsRuntime">
      <UniqueIdentifier>{01b34011-4058-473e-ad3b-4a1c0fb9b84b}</UniqueIdentifier>
    </Filter>
    <Filter Include="Assemblies">
      <UniqueIdentifier>{41767ab4-df6d-4e9c-9bcc-c16d777e3df1}</UniqueIdentifier>
    </Filter>
    <Filter Include="Headers\Documentation">
      <UniqueIdentifier>{8b7e715a-bb9c-4a30-9130-8643db7294cb}</UniqueIdentifier>
    </Filter>
    <Filter Include="Sources\Generated">
      <UniqueIdentifier>{7e6b4e8f-c69c-4e3f-ae79-5b42d3629d23}</UniqueIdentifier>
    </Filter>
  </ItemGroup>
  <ItemGroup>
    <CustomBuild Include="X64FastCallThunk.asm">
      <Filter>Headers\WindowsRuntime</Filter>
    </CustomBuild>
  </ItemGroup>
  <ItemGroup>
    <None Include="CxxReflect.props" />
  </ItemGroup>
  <ItemGroup>
    <ClCompile Include="Constant.cpp">
      <Filter>Sources\Interface</Filter>
    </ClCompile>
    <ClCompile Include="WindowsRuntimeTypeSystemSupportEmbedded.cpp">
      <Filter>Sources\Generated</Filter>
    </ClCompile>
    <ClCompile Include="CliTypeSystemSupportEmbedded.cpp">
      <Filter>Sources\Generated</Filter>
    </ClCompile>
  </ItemGroup>
</Project>