<?xml version="1.0" encoding="utf-8"?>
<Project ToolsVersion="4.0" xmlns="http://schemas.microsoft.com/developer/msbuild/2003">
  <ItemGroup>
    <Filter Include="windows_runtime">
      <UniqueIdentifier>{c6338c5e-7ad2-4423-be89-c5cece5c573a}</UniqueIdentifier>
    </Filter>
    <Filter Include="miscellaneous">
      <UniqueIdentifier>{6c296c6a-2336-4774-a620-ec59448ea9b8}</UniqueIdentifier>
    </Filter>
    <Filter Include="windows_runtime_sdk">
      <UniqueIdentifier>{b8723e2b-77d2-491d-8a54-f3d331170f10}</UniqueIdentifier>
    </Filter>
  </ItemGroup>
  <ItemGroup>
    <Image Include="miscellanoues\UnitTestLogo.png">
      <Filter>miscellaneous</Filter>
    </Image>
    <Image Include="miscellanoues\UnitTestSmallLogo.png">
      <Filter>miscellaneous</Filter>
    </Image>
    <Image Include="miscellanoues\UnitTestSplashScreen.png">
      <Filter>miscellaneous</Filter>
    </Image>
    <Image Include="miscellanoues\UnitTestStoreLogo.png">
      <Filter>miscellaneous</Filter>
    </Image>
  </ItemGroup>
  <ItemGroup>
    <AppxManifest Include="package.appxmanifest">
      <Filter>miscellaneous</Filter>
    </AppxManifest>
  </ItemGroup>
  <ItemGroup>
    <ClCompile Include="precompiled_headers.cpp" />
    <ClCompile Include="static_initialization.cpp" />
    <ClCompile Include="windows_runtime_sdk\basic_alpha_sdk.cpp">
      <Filter>windows_runtime_sdk</Filter>
    </ClCompile>
    <ClCompile Include="windows_runtime\alpha_interface_declarer.cpp">
      <Filter>windows_runtime</Filter>
    </ClCompile>
    <ClCompile Include="windows_runtime\alpha_default_interface.cpp">
      <Filter>windows_runtime</Filter>
    </ClCompile>
    <ClCompile Include="windows_runtime\alpha_enumeration_enumerators.cpp">
      <Filter>windows_runtime</Filter>
    </ClCompile>
    <ClCompile Include="windows_runtime\alpha_methodimpl_support.cpp">
      <Filter>windows_runtime</Filter>
    </ClCompile>
    <ClCompile Include="windows_runtime\windows_type_universe_realization.cpp">
      <Filter>windows_runtime</Filter>
    </ClCompile>
    <ClCompile Include="windows_runtime\alpha_generic_interface_implementers.cpp">
      <Filter>windows_runtime</Filter>
    </ClCompile>
  </ItemGroup>
  <ItemGroup>
    <ClInclude Include="precompiled_headers.hpp" />
  </ItemGroup>
  <ItemGroup>
    <None Include="..\infrastructure\unit_tests.pfx">
      <Filter>miscellaneous</Filter>
    </None>
  </ItemGroup>
</Project>